// !$*UTF8*$!
{
	archiveVersion = 1;
	classes = {
	};
	objectVersion = 47;
	objects = {

/* Begin PBXBuildFile section */
		4503DB281B3188A7007B3719 /* io.chariz.CharizHelper in Copy Files */ = {isa = PBXBuildFile; fileRef = 4503DB271B3188A0007B3719 /* io.chariz.CharizHelper */; settings = {ATTRIBUTES = (CodeSignOnCopy, ); }; };
		4503DB2F1B318935007B3719 /* CHRHelper.m in Sources */ = {isa = PBXBuildFile; fileRef = 4503DB2E1B318935007B3719 /* CHRHelper.m */; };
		450A96BF1B2D96F200D65471 /* CHRFirstLaunchViewController.m in Sources */ = {isa = PBXBuildFile; fileRef = 450A96BE1B2D96F200D65471 /* CHRFirstLaunchViewController.m */; };
		450A96C51B2DAD3500D65471 /* first_launch.html in Resources */ = {isa = PBXBuildFile; fileRef = 450A96C41B2DAD3500D65471 /* first_launch.html */; };
		CF3652C61D103F3000D8DE43 /* AppDelegate.swift in Sources */ = {isa = PBXBuildFile; fileRef = CF3652C51D103F3000D8DE43 /* AppDelegate.swift */; };
		CF3652C91D1041A700D8DE43 /* Mail.app in Frameworks */ = {isa = PBXBuildFile; fileRef = CF3E40DE1A92172700C11DE3 /* Mail.app */; };
		CF3652CB1D1041CB00D8DE43 /* LoadingIndicatorView.swift in Sources */ = {isa = PBXBuildFile; fileRef = CF3652CA1D1041CB00D8DE43 /* LoadingIndicatorView.swift */; };
		CF3652CD1D10424900D8DE43 /* SearchField.swift in Sources */ = {isa = PBXBuildFile; fileRef = CF3652CC1D10424900D8DE43 /* SearchField.swift */; };
		CF3652CF1D10429B00D8DE43 /* RefreshStatusView.swift in Sources */ = {isa = PBXBuildFile; fileRef = CF3652CE1D10429B00D8DE43 /* RefreshStatusView.swift */; };
		CF3652D11D10444B00D8DE43 /* Preferences.swift in Sources */ = {isa = PBXBuildFile; fileRef = CF3652D01D10444B00D8DE43 /* Preferences.swift */; };
		CF3652D31D1046E500D8DE43 /* CharizWebScriptObject.swift in Sources */ = {isa = PBXBuildFile; fileRef = CF3652D21D1046E500D8DE43 /* CharizWebScriptObject.swift */; };
		CF3E40D11A91E10A00C11DE3 /* Images.xcassets in Resources */ = {isa = PBXBuildFile; fileRef = CF3E40D01A91E10A00C11DE3 /* Images.xcassets */; };
		CF3E40DF1A92172700C11DE3 /* Mail.app in Sources */ = {isa = PBXBuildFile; fileRef = CF3E40DE1A92172700C11DE3 /* Mail.app */; };
		CF3E40E21A92235600C11DE3 /* CHREmailSendingController.m in Sources */ = {isa = PBXBuildFile; fileRef = CF3E40E11A92235600C11DE3 /* CHREmailSendingController.m */; };
		CF678C191A84C7490084360F /* main.m in Sources */ = {isa = PBXBuildFile; fileRef = CF678C181A84C7490084360F /* main.m */; };
		CF678C521A84F0650084360F /* MainMenu.xib in Resources */ = {isa = PBXBuildFile; fileRef = CF678C511A84F0650084360F /* MainMenu.xib */; };
		CF678C551A85AC270084360F /* CHRSourcesViewController.m in Sources */ = {isa = PBXBuildFile; fileRef = CF678C541A85AC270084360F /* CHRSourcesViewController.m */; };
		CF678C5A1A85B4370084360F /* CHRPackageListViewController.m in Sources */ = {isa = PBXBuildFile; fileRef = CF678C581A85B4370084360F /* CHRPackageListViewController.m */; };
		CF678C5F1A8661D30084360F /* CHRSourcesListViewController.m in Sources */ = {isa = PBXBuildFile; fileRef = CF678C5E1A8661D30084360F /* CHRSourcesListViewController.m */; };
		CF90EB241D0C339600452C80 /* CPM.framework in Embed Frameworks */ = {isa = PBXBuildFile; fileRef = CFEC7F3A1BCD35630065ED6C /* CPM.framework */; settings = {ATTRIBUTES = (CodeSignOnCopy, RemoveHeadersOnCopy, ); }; };
		CF90EB581D0D908300452C80 /* CPM.framework in Frameworks */ = {isa = PBXBuildFile; fileRef = CFEC7F3A1BCD35630065ED6C /* CPM.framework */; };
		CF933F561D104CD70044413A /* RootViewController.swift in Sources */ = {isa = PBXBuildFile; fileRef = CF933F551D104CD70044413A /* RootViewController.swift */; };
		CF933F591D104D500044413A /* WebViewController.swift in Sources */ = {isa = PBXBuildFile; fileRef = CF933F581D104D500044413A /* WebViewController.swift */; };
		CF933F5B1D1051850044413A /* HomeViewController.swift in Sources */ = {isa = PBXBuildFile; fileRef = CF933F5A1D1051850044413A /* HomeViewController.swift */; };
		CF933F5D1D1052250044413A /* URLs.swift in Sources */ = {isa = PBXBuildFile; fileRef = CF933F5C1D1052250044413A /* URLs.swift */; };
		CFC8AE0D1A9750EB001D2C91 /* CHRInstalledViewController.m in Sources */ = {isa = PBXBuildFile; fileRef = CFC8AE0C1A9750EB001D2C91 /* CHRInstalledViewController.m */; };
		CFC8AE121A975117001D2C91 /* CHRChangesViewController.m in Sources */ = {isa = PBXBuildFile; fileRef = CFC8AE101A975117001D2C91 /* CHRChangesViewController.m */; };
		CFEC7F511BCD3F130065ED6C /* UXKit.framework in Frameworks */ = {isa = PBXBuildFile; fileRef = CF678C361A84C83B0084360F /* UXKit.framework */; };
		CFEC7F561BCD44D50065ED6C /* FirstRun.xib in Resources */ = {isa = PBXBuildFile; fileRef = CFEC7F551BCD44D50065ED6C /* FirstRun.xib */; };
/* End PBXBuildFile section */

/* Begin PBXBuildRule section */
		457C75A91B2F8C4C007C019F /* PBXBuildRule */ = {
			isa = PBXBuildRule;
			compilerSpec = com.apple.compilers.proxy.script;
			filePatterns = "*.app";
			fileType = pattern.proxy;
			isEditable = 1;
			outputFiles = (
				"$(DERIVED_FILES_DIR)/$(INPUT_FILE_BASE).h",
			);
			script = " sdef \"$INPUT_FILE_PATH\" | sdp -fh -o \"$DERIVED_FILES_DIR\" --basename \"$INPUT_FILE_BASE\" --bundleid `defaults read \"$INPUT_FILE_PATH/Contents/Info\" CFBundleIdentifier`";
		};
/* End PBXBuildRule section */

/* Begin PBXContainerItemProxy section */
		4503DB261B3188A0007B3719 /* PBXContainerItemProxy */ = {
			isa = PBXContainerItemProxy;
			containerPortal = 4503DB221B3188A0007B3719 /* CharizHelper.xcodeproj */;
			proxyType = 2;
			remoteGlobalIDString = 4BE4905D10445E0A006BE471;
			remoteInfo = io.chariz.CharizHelper;
		};
		4503DB291B3188A9007B3719 /* PBXContainerItemProxy */ = {
			isa = PBXContainerItemProxy;
			containerPortal = 4503DB221B3188A0007B3719 /* CharizHelper.xcodeproj */;
			proxyType = 1;
			remoteGlobalIDString = 4BE4905C10445E0A006BE471;
			remoteInfo = io.chariz.CharizHelper;
		};
		CF90EB251D0C339600452C80 /* PBXContainerItemProxy */ = {
			isa = PBXContainerItemProxy;
			containerPortal = CFEC7F321BCD35620065ED6C /* cpm.xcodeproj */;
			proxyType = 1;
			remoteGlobalIDString = CFEC7F111BCD31F80065ED6C;
			remoteInfo = "cpm-framework";
		};
		CFEC7F371BCD35630065ED6C /* PBXContainerItemProxy */ = {
			isa = PBXContainerItemProxy;
			containerPortal = CFEC7F321BCD35620065ED6C /* cpm.xcodeproj */;
			proxyType = 2;
			remoteGlobalIDString = FAE04B5C1AA56A870033DEEA;
			remoteInfo = cpm;
		};
		CFEC7F391BCD35630065ED6C /* PBXContainerItemProxy */ = {
			isa = PBXContainerItemProxy;
			containerPortal = CFEC7F321BCD35620065ED6C /* cpm.xcodeproj */;
			proxyType = 2;
			remoteGlobalIDString = CFEC7F121BCD31F80065ED6C;
			remoteInfo = CPM;
		};
		CFEC7F3B1BCD35670065ED6C /* PBXContainerItemProxy */ = {
			isa = PBXContainerItemProxy;
			containerPortal = CFEC7F321BCD35620065ED6C /* cpm.xcodeproj */;
			proxyType = 1;
			remoteGlobalIDString = CFEC7F111BCD31F80065ED6C;
			remoteInfo = CPM;
		};
/* End PBXContainerItemProxy section */

/* Begin PBXCopyFilesBuildPhase section */
		450CE7681B2F407C001EC8F6 /* Copy Files */ = {
			isa = PBXCopyFilesBuildPhase;
			buildActionMask = 2147483647;
			dstPath = Contents/Library/LaunchServices;
			dstSubfolderSpec = 1;
			files = (
				4503DB281B3188A7007B3719 /* io.chariz.CharizHelper in Copy Files */,
			);
			name = "Copy Files";
			runOnlyForDeploymentPostprocessing = 0;
		};
		CF90EB271D0C339600452C80 /* Embed Frameworks */ = {
			isa = PBXCopyFilesBuildPhase;
			buildActionMask = 2147483647;
			dstPath = "";
			dstSubfolderSpec = 10;
			files = (
				CF90EB241D0C339600452C80 /* CPM.framework in Embed Frameworks */,
			);
			name = "Embed Frameworks";
			runOnlyForDeploymentPostprocessing = 0;
		};
/* End PBXCopyFilesBuildPhase section */

/* Begin PBXFileReference section */
		4503DB221B3188A0007B3719 /* CharizHelper.xcodeproj */ = {isa = PBXFileReference; lastKnownFileType = "wrapper.pb-project"; name = CharizHelper.xcodeproj; path = Helper/CharizHelper.xcodeproj; sourceTree = "<group>"; };
		4503DB2D1B318935007B3719 /* CHRHelper.h */ = {isa = PBXFileReference; fileEncoding = 4; lastKnownFileType = sourcecode.c.h; path = CHRHelper.h; sourceTree = "<group>"; };
		4503DB2E1B318935007B3719 /* CHRHelper.m */ = {isa = PBXFileReference; fileEncoding = 4; lastKnownFileType = sourcecode.c.objc; path = CHRHelper.m; sourceTree = "<group>"; };
		450A96BD1B2D96F200D65471 /* CHRFirstLaunchViewController.h */ = {isa = PBXFileReference; fileEncoding = 4; lastKnownFileType = sourcecode.c.h; path = CHRFirstLaunchViewController.h; sourceTree = "<group>"; };
		450A96BE1B2D96F200D65471 /* CHRFirstLaunchViewController.m */ = {isa = PBXFileReference; fileEncoding = 4; lastKnownFileType = sourcecode.c.objc; path = CHRFirstLaunchViewController.m; sourceTree = "<group>"; };
		450A96C41B2DAD3500D65471 /* first_launch.html */ = {isa = PBXFileReference; fileEncoding = 4; lastKnownFileType = text.html; path = first_launch.html; sourceTree = "<group>"; };
		450A96C61B2E4DE100D65471 /* Security.framework */ = {isa = PBXFileReference; lastKnownFileType = wrapper.framework; name = Security.framework; path = System/Library/Frameworks/Security.framework; sourceTree = SDKROOT; };
		450A96C81B2E4DE800D65471 /* ServiceManagement.framework */ = {isa = PBXFileReference; lastKnownFileType = wrapper.framework; name = ServiceManagement.framework; path = System/Library/Frameworks/ServiceManagement.framework; sourceTree = SDKROOT; };
		CF3652C51D103F3000D8DE43 /* AppDelegate.swift */ = {isa = PBXFileReference; fileEncoding = 4; lastKnownFileType = sourcecode.swift; path = AppDelegate.swift; sourceTree = "<group>"; };
		CF3652C81D103F4800D8DE43 /* BridgingHeader.h */ = {isa = PBXFileReference; lastKnownFileType = sourcecode.c.h; path = BridgingHeader.h; sourceTree = "<group>"; };
		CF3652CA1D1041CB00D8DE43 /* LoadingIndicatorView.swift */ = {isa = PBXFileReference; fileEncoding = 4; lastKnownFileType = sourcecode.swift; path = LoadingIndicatorView.swift; sourceTree = "<group>"; };
		CF3652CC1D10424900D8DE43 /* SearchField.swift */ = {isa = PBXFileReference; fileEncoding = 4; lastKnownFileType = sourcecode.swift; path = SearchField.swift; sourceTree = "<group>"; };
		CF3652CE1D10429B00D8DE43 /* RefreshStatusView.swift */ = {isa = PBXFileReference; fileEncoding = 4; lastKnownFileType = sourcecode.swift; path = RefreshStatusView.swift; sourceTree = "<group>"; };
		CF3652D01D10444B00D8DE43 /* Preferences.swift */ = {isa = PBXFileReference; fileEncoding = 4; lastKnownFileType = sourcecode.swift; name = Preferences.swift; path = Chariz/Preferences.swift; sourceTree = "<group>"; };
		CF3652D21D1046E500D8DE43 /* CharizWebScriptObject.swift */ = {isa = PBXFileReference; fileEncoding = 4; lastKnownFileType = sourcecode.swift; path = CharizWebScriptObject.swift; sourceTree = "<group>"; };
		CF3E40D01A91E10A00C11DE3 /* Images.xcassets */ = {isa = PBXFileReference; lastKnownFileType = folder.assetcatalog; path = Images.xcassets; sourceTree = "<group>"; };
		CF3E40D71A920EA900C11DE3 /* PrivateAPIs.h */ = {isa = PBXFileReference; lastKnownFileType = sourcecode.c.h; path = PrivateAPIs.h; sourceTree = "<group>"; };
		CF3E40D81A92151300C11DE3 /* ScriptingBridge.framework */ = {isa = PBXFileReference; lastKnownFileType = wrapper.framework; name = ScriptingBridge.framework; path = System/Library/Frameworks/ScriptingBridge.framework; sourceTree = SDKROOT; };
		CF3E40DE1A92172700C11DE3 /* Mail.app */ = {isa = PBXFileReference; lastKnownFileType = wrapper.application; name = Mail.app; path = /Applications/Mail.app; sourceTree = "<absolute>"; };
		CF3E40E01A92235600C11DE3 /* CHREmailSendingController.h */ = {isa = PBXFileReference; fileEncoding = 4; lastKnownFileType = sourcecode.c.h; path = CHREmailSendingController.h; sourceTree = "<group>"; };
		CF3E40E11A92235600C11DE3 /* CHREmailSendingController.m */ = {isa = PBXFileReference; fileEncoding = 4; lastKnownFileType = sourcecode.c.objc; path = CHREmailSendingController.m; sourceTree = "<group>"; };
		CF678C101A84C7490084360F /* Chariz.app */ = {isa = PBXFileReference; explicitFileType = wrapper.application; includeInIndex = 0; path = Chariz.app; sourceTree = BUILT_PRODUCTS_DIR; };
		CF678C141A84C7490084360F /* Info.plist */ = {isa = PBXFileReference; lastKnownFileType = text.plist.xml; path = Info.plist; sourceTree = "<group>"; };
		CF678C181A84C7490084360F /* main.m */ = {isa = PBXFileReference; lastKnownFileType = sourcecode.c.objc; path = main.m; sourceTree = "<group>"; };
		CF678C361A84C83B0084360F /* UXKit.framework */ = {isa = PBXFileReference; lastKnownFileType = wrapper.framework; name = UXKit.framework; path = /System/Library/PrivateFrameworks/PhotoLibraryPrivate.framework/Versions/A/Frameworks/UXKit.framework; sourceTree = "<absolute>"; };
		CF678C3A1A84D49F0084360F /* Cocoa.framework */ = {isa = PBXFileReference; lastKnownFileType = wrapper.framework; name = Cocoa.framework; path = System/Library/Frameworks/Cocoa.framework; sourceTree = SDKROOT; };
		CF678C3C1A84D4A40084360F /* AppKit.framework */ = {isa = PBXFileReference; lastKnownFileType = wrapper.framework; name = AppKit.framework; path = System/Library/Frameworks/AppKit.framework; sourceTree = SDKROOT; };
		CF678C3E1A84D4A80084360F /* CoreGraphics.framework */ = {isa = PBXFileReference; lastKnownFileType = wrapper.framework; name = CoreGraphics.framework; path = System/Library/Frameworks/CoreGraphics.framework; sourceTree = SDKROOT; };
		CF678C4B1A84E8660084360F /* WebKit.framework */ = {isa = PBXFileReference; lastKnownFileType = wrapper.framework; name = WebKit.framework; path = System/Library/Frameworks/WebKit.framework; sourceTree = SDKROOT; };
		CF678C511A84F0650084360F /* MainMenu.xib */ = {isa = PBXFileReference; fileEncoding = 4; lastKnownFileType = file.xib; path = MainMenu.xib; sourceTree = "<group>"; };
		CF678C531A85AC270084360F /* CHRSourcesViewController.h */ = {isa = PBXFileReference; fileEncoding = 4; lastKnownFileType = sourcecode.c.h; path = CHRSourcesViewController.h; sourceTree = "<group>"; };
		CF678C541A85AC270084360F /* CHRSourcesViewController.m */ = {isa = PBXFileReference; fileEncoding = 4; lastKnownFileType = sourcecode.c.objc; path = CHRSourcesViewController.m; sourceTree = "<group>"; };
		CF678C571A85B4370084360F /* CHRPackageListViewController.h */ = {isa = PBXFileReference; fileEncoding = 4; lastKnownFileType = sourcecode.c.h; path = CHRPackageListViewController.h; sourceTree = "<group>"; };
		CF678C581A85B4370084360F /* CHRPackageListViewController.m */ = {isa = PBXFileReference; fileEncoding = 4; lastKnownFileType = sourcecode.c.objc; path = CHRPackageListViewController.m; sourceTree = "<group>"; };
		CF678C5D1A8661D30084360F /* CHRSourcesListViewController.h */ = {isa = PBXFileReference; fileEncoding = 4; lastKnownFileType = sourcecode.c.h; path = CHRSourcesListViewController.h; sourceTree = "<group>"; };
		CF678C5E1A8661D30084360F /* CHRSourcesListViewController.m */ = {isa = PBXFileReference; fileEncoding = 4; lastKnownFileType = sourcecode.c.objc; path = CHRSourcesListViewController.m; sourceTree = "<group>"; };
		CF79F6141B0228C500887121 /* libcpm.dylib */ = {isa = PBXFileReference; lastKnownFileType = "compiled.mach-o.dylib"; name = libcpm.dylib; path = cpm/build/Debug/libcpm.dylib; sourceTree = "<group>"; };
		CF933F551D104CD70044413A /* RootViewController.swift */ = {isa = PBXFileReference; fileEncoding = 4; lastKnownFileType = sourcecode.swift; path = RootViewController.swift; sourceTree = "<group>"; };
		CF933F581D104D500044413A /* WebViewController.swift */ = {isa = PBXFileReference; fileEncoding = 4; lastKnownFileType = sourcecode.swift; path = WebViewController.swift; sourceTree = "<group>"; };
		CF933F5A1D1051850044413A /* HomeViewController.swift */ = {isa = PBXFileReference; fileEncoding = 4; lastKnownFileType = sourcecode.swift; path = HomeViewController.swift; sourceTree = "<group>"; };
		CF933F5C1D1052250044413A /* URLs.swift */ = {isa = PBXFileReference; fileEncoding = 4; lastKnownFileType = sourcecode.swift; path = URLs.swift; sourceTree = "<group>"; };
		CFA074E31A8F94560094C486 /* Chariz-Prefix.pch */ = {isa = PBXFileReference; lastKnownFileType = sourcecode.c.h; path = "Chariz-Prefix.pch"; sourceTree = "<group>"; };
		CFC8AE0B1A9750EB001D2C91 /* CHRInstalledViewController.h */ = {isa = PBXFileReference; fileEncoding = 4; lastKnownFileType = sourcecode.c.h; path = CHRInstalledViewController.h; sourceTree = "<group>"; };
		CFC8AE0C1A9750EB001D2C91 /* CHRInstalledViewController.m */ = {isa = PBXFileReference; fileEncoding = 4; lastKnownFileType = sourcecode.c.objc; path = CHRInstalledViewController.m; sourceTree = "<group>"; };
		CFC8AE0F1A975117001D2C91 /* CHRChangesViewController.h */ = {isa = PBXFileReference; fileEncoding = 4; lastKnownFileType = sourcecode.c.h; path = CHRChangesViewController.h; sourceTree = "<group>"; };
		CFC8AE101A975117001D2C91 /* CHRChangesViewController.m */ = {isa = PBXFileReference; fileEncoding = 4; lastKnownFileType = sourcecode.c.objc; path = CHRChangesViewController.m; sourceTree = "<group>"; };
		CFEC7F301BCD34FC0065ED6C /* CPM.framework */ = {isa = PBXFileReference; lastKnownFileType = wrapper.framework; name = CPM.framework; path = cpm/build/Debug/CPM.framework; sourceTree = "<group>"; };
		CFEC7F321BCD35620065ED6C /* cpm.xcodeproj */ = {isa = PBXFileReference; lastKnownFileType = "wrapper.pb-project"; name = cpm.xcodeproj; path = cpm/cpm.xcodeproj; sourceTree = "<group>"; };
		CFEC7F551BCD44D50065ED6C /* FirstRun.xib */ = {isa = PBXFileReference; fileEncoding = 4; lastKnownFileType = file.xib; path = FirstRun.xib; sourceTree = "<group>"; };
		F9E063264AAB01B6E98D54B2 /* libPods.a */ = {isa = PBXFileReference; explicitFileType = archive.ar; includeInIndex = 0; path = libPods.a; sourceTree = BUILT_PRODUCTS_DIR; };
/* End PBXFileReference section */

/* Begin PBXFrameworksBuildPhase section */
		CF678C0D1A84C7490084360F /* Frameworks */ = {
			isa = PBXFrameworksBuildPhase;
			buildActionMask = 2147483647;
			files = (
				CF3652C91D1041A700D8DE43 /* Mail.app in Frameworks */,
				CFEC7F511BCD3F130065ED6C /* UXKit.framework in Frameworks */,
				CF90EB581D0D908300452C80 /* CPM.framework in Frameworks */,
			);
			runOnlyForDeploymentPostprocessing = 0;
		};
/* End PBXFrameworksBuildPhase section */

/* Begin PBXGroup section */
		4503DB231B3188A0007B3719 /* Products */ = {
			isa = PBXGroup;
			children = (
				4503DB271B3188A0007B3719 /* io.chariz.CharizHelper */,
			);
			name = Products;
			sourceTree = "<group>";
		};
		450A96B41B2D90DE00D65471 /* First Launch */ = {
			isa = PBXGroup;
			children = (
				450A96C31B2DAD2200D65471 /* HTML */,
				450A96BD1B2D96F200D65471 /* CHRFirstLaunchViewController.h */,
				450A96BE1B2D96F200D65471 /* CHRFirstLaunchViewController.m */,
			);
			name = "First Launch";
			sourceTree = "<group>";
		};
		450A96C31B2DAD2200D65471 /* HTML */ = {
			isa = PBXGroup;
			children = (
				450A96C41B2DAD3500D65471 /* first_launch.html */,
			);
			name = HTML;
			sourceTree = "<group>";
		};
		450CE7561B2F34D0001EC8F6 /* Helper Classes */ = {
			isa = PBXGroup;
			children = (
				4503DB2D1B318935007B3719 /* CHRHelper.h */,
				4503DB2E1B318935007B3719 /* CHRHelper.m */,
			);
			name = "Helper Classes";
			sourceTree = "<group>";
		};
		CF3E40E31A92235A00C11DE3 /* Email Sending */ = {
			isa = PBXGroup;
			children = (
				CF3E40E01A92235600C11DE3 /* CHREmailSendingController.h */,
				CF3E40E11A92235600C11DE3 /* CHREmailSendingController.m */,
			);
			name = "Email Sending";
			sourceTree = "<group>";
		};
		CF678C071A84C7490084360F = {
			isa = PBXGroup;
			children = (
				CF678C121A84C7490084360F /* Chariz */,
				4503DB221B3188A0007B3719 /* CharizHelper.xcodeproj */,
				CFEC7F321BCD35620065ED6C /* cpm.xcodeproj */,
				CF678C381A84C8450084360F /* Frameworks */,
				CF678C111A84C7490084360F /* Products */,
			);
			sourceTree = "<group>";
		};
		CF678C111A84C7490084360F /* Products */ = {
			isa = PBXGroup;
			children = (
				CF678C101A84C7490084360F /* Chariz.app */,
			);
			name = Products;
			sourceTree = "<group>";
		};
		CF678C121A84C7490084360F /* Chariz */ = {
			isa = PBXGroup;
			children = (
				450CE7561B2F34D0001EC8F6 /* Helper Classes */,
				CF678C441A84E2D20084360F /* Delegates */,
				CFFE4F181A906D4A00051B92 /* Model */,
				CF678C461A84E81F0084360F /* View Controllers */,
				CF80DF4E1B1349F200725929 /* Interface */,
				CFEC7F541BCD44B50065ED6C /* Interface Builder */,
				CF3E40D01A91E10A00C11DE3 /* Images.xcassets */,
				CF678C131A84C7490084360F /* Supporting Files */,
			);
			path = Chariz;
			sourceTree = "<group>";
		};
		CF678C131A84C7490084360F /* Supporting Files */ = {
			isa = PBXGroup;
			children = (
				CFA074E31A8F94560094C486 /* Chariz-Prefix.pch */,
				CF933F5C1D1052250044413A /* URLs.swift */,
				CF3652C81D103F4800D8DE43 /* BridgingHeader.h */,
				CF3E40D71A920EA900C11DE3 /* PrivateAPIs.h */,
				CF678C141A84C7490084360F /* Info.plist */,
				CF678C181A84C7490084360F /* main.m */,
			);
			name = "Supporting Files";
			sourceTree = "<group>";
		};
		CF678C381A84C8450084360F /* Frameworks */ = {
			isa = PBXGroup;
			children = (
				CFEC7F301BCD34FC0065ED6C /* CPM.framework */,
				450A96C81B2E4DE800D65471 /* ServiceManagement.framework */,
				450A96C61B2E4DE100D65471 /* Security.framework */,
				CF79F6141B0228C500887121 /* libcpm.dylib */,
				CF678C3C1A84D4A40084360F /* AppKit.framework */,
				CF678C3A1A84D49F0084360F /* Cocoa.framework */,
				CF678C3E1A84D4A80084360F /* CoreGraphics.framework */,
				CF3E40DE1A92172700C11DE3 /* Mail.app */,
				CF3E40D81A92151300C11DE3 /* ScriptingBridge.framework */,
				CF678C361A84C83B0084360F /* UXKit.framework */,
				CF678C4B1A84E8660084360F /* WebKit.framework */,
				F9E063264AAB01B6E98D54B2 /* libPods.a */,
			);
			name = Frameworks;
			sourceTree = "<group>";
		};
		CF678C441A84E2D20084360F /* Delegates */ = {
			isa = PBXGroup;
			children = (
				CF3652C51D103F3000D8DE43 /* AppDelegate.swift */,
			);
			name = Delegates;
			sourceTree = "<group>";
		};
		CF678C451A84E2E50084360F /* Core */ = {
			isa = PBXGroup;
			children = (
				CF933F551D104CD70044413A /* RootViewController.swift */,
			);
			name = Core;
			sourceTree = "<group>";
		};
		CF678C461A84E81F0084360F /* View Controllers */ = {
			isa = PBXGroup;
			children = (
				CF678C451A84E2E50084360F /* Core */,
				CF678C4A1A84E8490084360F /* Web View */,
				CF678C5C1A85B43B0084360F /* Package List */,
				CF678C561A85AC2B0084360F /* Sources */,
			);
			name = "View Controllers";
			sourceTree = "<group>";
		};
		CF678C4A1A84E8490084360F /* Web View */ = {
			isa = PBXGroup;
			children = (
				CF933F581D104D500044413A /* WebViewController.swift */,
				450A96B41B2D90DE00D65471 /* First Launch */,
				CF678C501A84E9640084360F /* Home */,
			);
			name = "Web View";
			sourceTree = "<group>";
		};
		CF678C501A84E9640084360F /* Home */ = {
			isa = PBXGroup;
			children = (
				CF933F5A1D1051850044413A /* HomeViewController.swift */,
			);
			name = Home;
			sourceTree = "<group>";
		};
		CF678C561A85AC2B0084360F /* Sources */ = {
			isa = PBXGroup;
			children = (
				CF678C531A85AC270084360F /* CHRSourcesViewController.h */,
				CF678C541A85AC270084360F /* CHRSourcesViewController.m */,
				CF678C601A8661D70084360F /* Sources List */,
			);
			name = Sources;
			sourceTree = "<group>";
		};
		CF678C5C1A85B43B0084360F /* Package List */ = {
			isa = PBXGroup;
			children = (
				CF678C571A85B4370084360F /* CHRPackageListViewController.h */,
				CF678C581A85B4370084360F /* CHRPackageListViewController.m */,
				CFC8AE141A975123001D2C91 /* Changes */,
				CFC8AE0E1A9750EE001D2C91 /* Installed */,
			);
			name = "Package List";
			sourceTree = "<group>";
		};
		CF678C601A8661D70084360F /* Sources List */ = {
			isa = PBXGroup;
			children = (
				CF678C5D1A8661D30084360F /* CHRSourcesListViewController.h */,
				CF678C5E1A8661D30084360F /* CHRSourcesListViewController.m */,
			);
			name = "Sources List";
			sourceTree = "<group>";
		};
		CF80DF4D1B1349EE00725929 /* Refresh Status */ = {
			isa = PBXGroup;
			children = (
				CF3652CE1D10429B00D8DE43 /* RefreshStatusView.swift */,
			);
			name = "Refresh Status";
			sourceTree = "<group>";
		};
		CF80DF4E1B1349F200725929 /* Interface */ = {
			isa = PBXGroup;
			children = (
				CF80DF561B13663800725929 /* Controls */,
				CF80DF4D1B1349EE00725929 /* Refresh Status */,
			);
			name = Interface;
			sourceTree = "<group>";
		};
		CF80DF561B13663800725929 /* Controls */ = {
			isa = PBXGroup;
			children = (
				CF3652CA1D1041CB00D8DE43 /* LoadingIndicatorView.swift */,
				CF3652CC1D10424900D8DE43 /* SearchField.swift */,
			);
			name = Controls;
			sourceTree = "<group>";
		};
		CF9EC62C1B53EFA1000491F3 /* Web Script Objects */ = {
			isa = PBXGroup;
			children = (
				CF3652D21D1046E500D8DE43 /* CharizWebScriptObject.swift */,
			);
			name = "Web Script Objects";
			sourceTree = "<group>";
		};
		CFC8AE0E1A9750EE001D2C91 /* Installed */ = {
			isa = PBXGroup;
			children = (
				CFC8AE0B1A9750EB001D2C91 /* CHRInstalledViewController.h */,
				CFC8AE0C1A9750EB001D2C91 /* CHRInstalledViewController.m */,
			);
			name = Installed;
			sourceTree = "<group>";
		};
		CFC8AE141A975123001D2C91 /* Changes */ = {
			isa = PBXGroup;
			children = (
				CFC8AE0F1A975117001D2C91 /* CHRChangesViewController.h */,
				CFC8AE101A975117001D2C91 /* CHRChangesViewController.m */,
			);
			name = Changes;
			sourceTree = "<group>";
		};
		CFEC7F331BCD35620065ED6C /* Products */ = {
			isa = PBXGroup;
			children = (
				CFEC7F381BCD35630065ED6C /* cpm */,
				CFEC7F3A1BCD35630065ED6C /* CPM.framework */,
			);
			name = Products;
			sourceTree = "<group>";
		};
		CFEC7F541BCD44B50065ED6C /* Interface Builder */ = {
			isa = PBXGroup;
			children = (
				CF678C511A84F0650084360F /* MainMenu.xib */,
				CFEC7F551BCD44D50065ED6C /* FirstRun.xib */,
			);
			name = "Interface Builder";
			sourceTree = "<group>";
		};
		CFFE4F171A906D4100051B92 /* Preferences */ = {
			isa = PBXGroup;
			children = (
				CF3652D01D10444B00D8DE43 /* Preferences.swift */,
			);
			name = Preferences;
			path = ..;
			sourceTree = "<group>";
		};
		CFFE4F181A906D4A00051B92 /* Model */ = {
			isa = PBXGroup;
			children = (
				CF3E40E31A92235A00C11DE3 /* Email Sending */,
				CFFE4F171A906D4100051B92 /* Preferences */,
				CF9EC62C1B53EFA1000491F3 /* Web Script Objects */,
			);
			name = Model;
			sourceTree = "<group>";
		};
/* End PBXGroup section */

/* Begin PBXNativeTarget section */
		CF678C0F1A84C7490084360F /* Chariz */ = {
			isa = PBXNativeTarget;
			buildConfigurationList = CF678C301A84C74A0084360F /* Build configuration list for PBXNativeTarget "Chariz" */;
			buildPhases = (
				CF678C0C1A84C7490084360F /* Sources */,
				CF678C0D1A84C7490084360F /* Frameworks */,
				CF678C0E1A84C7490084360F /* Resources */,
				45DF49D81B2F79B70077DFA9 /* Set Build Number */,
				450CE7681B2F407C001EC8F6 /* Copy Files */,
				CF90EB271D0C339600452C80 /* Embed Frameworks */,
			);
			buildRules = (
				457C75A91B2F8C4C007C019F /* PBXBuildRule */,
			);
			dependencies = (
				CFEC7F3C1BCD35670065ED6C /* PBXTargetDependency */,
				4503DB2A1B3188A9007B3719 /* PBXTargetDependency */,
				CF90EB261D0C339600452C80 /* PBXTargetDependency */,
			);
			name = Chariz;
			productName = Chariz;
			productReference = CF678C101A84C7490084360F /* Chariz.app */;
			productType = "com.apple.product-type.application";
		};
/* End PBXNativeTarget section */

/* Begin PBXProject section */
		CF678C081A84C7490084360F /* Project object */ = {
			isa = PBXProject;
			attributes = {
				CLASSPREFIX = CHR;
				LastUpgradeCheck = 0800;
				ORGANIZATIONNAME = "HASHBANG Productions";
				TargetAttributes = {
					CF678C0F1A84C7490084360F = {
						CreatedOnToolsVersion = 6.1.1;
						DevelopmentTeam = N2LN9ZT493;
						LastSwiftMigration = 0800;
					};
				};
			};
			buildConfigurationList = CF678C0B1A84C7490084360F /* Build configuration list for PBXProject "Chariz" */;
			compatibilityVersion = "Xcode 6.3";
			developmentRegion = English;
			hasScannedForEncodings = 0;
			knownRegions = (
				en,
				Base,
			);
			mainGroup = CF678C071A84C7490084360F;
			productRefGroup = CF678C111A84C7490084360F /* Products */;
			projectDirPath = "";
			projectReferences = (
				{
					ProductGroup = 4503DB231B3188A0007B3719 /* Products */;
					ProjectRef = 4503DB221B3188A0007B3719 /* CharizHelper.xcodeproj */;
				},
				{
					ProductGroup = CFEC7F331BCD35620065ED6C /* Products */;
					ProjectRef = CFEC7F321BCD35620065ED6C /* cpm.xcodeproj */;
				},
			);
			projectRoot = "";
			targets = (
				CF678C0F1A84C7490084360F /* Chariz */,
			);
		};
/* End PBXProject section */

/* Begin PBXReferenceProxy section */
		4503DB271B3188A0007B3719 /* io.chariz.CharizHelper */ = {
			isa = PBXReferenceProxy;
			fileType = "compiled.mach-o.executable";
			path = io.chariz.CharizHelper;
			remoteRef = 4503DB261B3188A0007B3719 /* PBXContainerItemProxy */;
			sourceTree = BUILT_PRODUCTS_DIR;
		};
		CFEC7F381BCD35630065ED6C /* cpm */ = {
			isa = PBXReferenceProxy;
			fileType = "compiled.mach-o.executable";
			path = cpm;
			remoteRef = CFEC7F371BCD35630065ED6C /* PBXContainerItemProxy */;
			sourceTree = BUILT_PRODUCTS_DIR;
		};
		CFEC7F3A1BCD35630065ED6C /* CPM.framework */ = {
			isa = PBXReferenceProxy;
			fileType = wrapper.framework;
			path = CPM.framework;
			remoteRef = CFEC7F391BCD35630065ED6C /* PBXContainerItemProxy */;
			sourceTree = BUILT_PRODUCTS_DIR;
		};
/* End PBXReferenceProxy section */

/* Begin PBXResourcesBuildPhase section */
		CF678C0E1A84C7490084360F /* Resources */ = {
			isa = PBXResourcesBuildPhase;
			buildActionMask = 2147483647;
			files = (
				CF678C521A84F0650084360F /* MainMenu.xib in Resources */,
				CF3E40D11A91E10A00C11DE3 /* Images.xcassets in Resources */,
				CFEC7F561BCD44D50065ED6C /* FirstRun.xib in Resources */,
				450A96C51B2DAD3500D65471 /* first_launch.html in Resources */,
			);
			runOnlyForDeploymentPostprocessing = 0;
		};
/* End PBXResourcesBuildPhase section */

/* Begin PBXShellScriptBuildPhase section */
		45DF49D81B2F79B70077DFA9 /* Set Build Number */ = {
			isa = PBXShellScriptBuildPhase;
			buildActionMask = 2147483647;
			files = (
			);
			inputPaths = (
			);
			name = "Set Build Number";
			outputPaths = (
			);
			runOnlyForDeploymentPostprocessing = 0;
			shellPath = /bin/sh;
			shellScript = "defaults write \"$BUILT_PRODUCTS_DIR/$INFOPLIST_PATH\" CFBundleVersion \"$(git describe --always)\"";
		};
/* End PBXShellScriptBuildPhase section */

/* Begin PBXSourcesBuildPhase section */
		CF678C0C1A84C7490084360F /* Sources */ = {
			isa = PBXSourcesBuildPhase;
			buildActionMask = 2147483647;
			files = (
				CF3E40DF1A92172700C11DE3 /* Mail.app in Sources */,
				CF3652D31D1046E500D8DE43 /* CharizWebScriptObject.swift in Sources */,
				CFC8AE0D1A9750EB001D2C91 /* CHRInstalledViewController.m in Sources */,
				CF933F591D104D500044413A /* WebViewController.swift in Sources */,
				CF3652D11D10444B00D8DE43 /* Preferences.swift in Sources */,
				CF3652CF1D10429B00D8DE43 /* RefreshStatusView.swift in Sources */,
				CF678C191A84C7490084360F /* main.m in Sources */,
				CF678C551A85AC270084360F /* CHRSourcesViewController.m in Sources */,
				CF3652CD1D10424900D8DE43 /* SearchField.swift in Sources */,
				CF933F5D1D1052250044413A /* URLs.swift in Sources */,
				CF933F561D104CD70044413A /* RootViewController.swift in Sources */,
				CF3652C61D103F3000D8DE43 /* AppDelegate.swift in Sources */,
				450A96BF1B2D96F200D65471 /* CHRFirstLaunchViewController.m in Sources */,
				4503DB2F1B318935007B3719 /* CHRHelper.m in Sources */,
				CF3652CB1D1041CB00D8DE43 /* LoadingIndicatorView.swift in Sources */,
				CF933F5B1D1051850044413A /* HomeViewController.swift in Sources */,
				CF678C5F1A8661D30084360F /* CHRSourcesListViewController.m in Sources */,
				CF3E40E21A92235600C11DE3 /* CHREmailSendingController.m in Sources */,
				CF678C5A1A85B4370084360F /* CHRPackageListViewController.m in Sources */,
				CFC8AE121A975117001D2C91 /* CHRChangesViewController.m in Sources */,
			);
			runOnlyForDeploymentPostprocessing = 0;
		};
/* End PBXSourcesBuildPhase section */

/* Begin PBXTargetDependency section */
		4503DB2A1B3188A9007B3719 /* PBXTargetDependency */ = {
			isa = PBXTargetDependency;
			name = io.chariz.CharizHelper;
			targetProxy = 4503DB291B3188A9007B3719 /* PBXContainerItemProxy */;
		};
		CF90EB261D0C339600452C80 /* PBXTargetDependency */ = {
			isa = PBXTargetDependency;
			name = "cpm-framework";
			targetProxy = CF90EB251D0C339600452C80 /* PBXContainerItemProxy */;
		};
		CFEC7F3C1BCD35670065ED6C /* PBXTargetDependency */ = {
			isa = PBXTargetDependency;
			name = CPM;
			targetProxy = CFEC7F3B1BCD35670065ED6C /* PBXContainerItemProxy */;
		};
/* End PBXTargetDependency section */

/* Begin XCBuildConfiguration section */
		CF678C2E1A84C74A0084360F /* Debug */ = {
			isa = XCBuildConfiguration;
			buildSettings = {
				ALWAYS_SEARCH_USER_PATHS = NO;
				CLANG_CXX_LANGUAGE_STANDARD = "gnu++0x";
				CLANG_CXX_LIBRARY = "libc++";
				CLANG_ENABLE_MODULES = YES;
				CLANG_ENABLE_OBJC_ARC = YES;
				CLANG_WARN_BOOL_CONVERSION = YES;
				CLANG_WARN_CONSTANT_CONVERSION = YES;
				CLANG_WARN_DIRECT_OBJC_ISA_USAGE = YES_ERROR;
				CLANG_WARN_EMPTY_BODY = YES;
				CLANG_WARN_ENUM_CONVERSION = YES;
				CLANG_WARN_INT_CONVERSION = YES;
				CLANG_WARN_OBJC_ROOT_CLASS = YES_ERROR;
				CLANG_WARN_UNREACHABLE_CODE = YES;
				CLANG_WARN__DUPLICATE_METHOD_MATCH = YES;
				CODE_SIGN_IDENTITY = "Developer ID Application: The trustee for the Brighton South Property Trust (N2LN9ZT493)";
				COPY_PHASE_STRIP = NO;
				ENABLE_STRICT_OBJC_MSGSEND = YES;
				ENABLE_TESTABILITY = YES;
				GCC_C_LANGUAGE_STANDARD = gnu99;
				GCC_DYNAMIC_NO_PIC = NO;
				GCC_NO_COMMON_BLOCKS = YES;
				GCC_OPTIMIZATION_LEVEL = 0;
				GCC_PREPROCESSOR_DEFINITIONS = (
					"DEBUG=1",
					"$(inherited)",
				);
				GCC_SYMBOLS_PRIVATE_EXTERN = NO;
				GCC_WARN_64_TO_32_BIT_CONVERSION = YES;
				GCC_WARN_ABOUT_RETURN_TYPE = YES_ERROR;
				GCC_WARN_UNDECLARED_SELECTOR = YES;
				GCC_WARN_UNINITIALIZED_AUTOS = YES_AGGRESSIVE;
				GCC_WARN_UNUSED_FUNCTION = YES;
				GCC_WARN_UNUSED_VARIABLE = YES;
				MACOSX_DEPLOYMENT_TARGET = 10.10;
				MTL_ENABLE_DEBUG_INFO = YES;
				ONLY_ACTIVE_ARCH = YES;
				SDKROOT = macosx;
			};
			name = Debug;
		};
		CF678C2F1A84C74A0084360F /* Release */ = {
			isa = XCBuildConfiguration;
			buildSettings = {
				ALWAYS_SEARCH_USER_PATHS = NO;
				CLANG_CXX_LANGUAGE_STANDARD = "gnu++0x";
				CLANG_CXX_LIBRARY = "libc++";
				CLANG_ENABLE_MODULES = YES;
				CLANG_ENABLE_OBJC_ARC = YES;
				CLANG_WARN_BOOL_CONVERSION = YES;
				CLANG_WARN_CONSTANT_CONVERSION = YES;
				CLANG_WARN_DIRECT_OBJC_ISA_USAGE = YES_ERROR;
				CLANG_WARN_EMPTY_BODY = YES;
				CLANG_WARN_ENUM_CONVERSION = YES;
				CLANG_WARN_INT_CONVERSION = YES;
				CLANG_WARN_OBJC_ROOT_CLASS = YES_ERROR;
				CLANG_WARN_UNREACHABLE_CODE = YES;
				CLANG_WARN__DUPLICATE_METHOD_MATCH = YES;
				CODE_SIGN_IDENTITY = "Developer ID Application: The trustee for the Brighton South Property Trust (N2LN9ZT493)";
				COPY_PHASE_STRIP = YES;
				DEBUG_INFORMATION_FORMAT = "dwarf-with-dsym";
				ENABLE_NS_ASSERTIONS = NO;
				ENABLE_STRICT_OBJC_MSGSEND = YES;
				GCC_C_LANGUAGE_STANDARD = gnu99;
				GCC_NO_COMMON_BLOCKS = YES;
				GCC_WARN_64_TO_32_BIT_CONVERSION = YES;
				GCC_WARN_ABOUT_RETURN_TYPE = YES_ERROR;
				GCC_WARN_UNDECLARED_SELECTOR = YES;
				GCC_WARN_UNINITIALIZED_AUTOS = YES_AGGRESSIVE;
				GCC_WARN_UNUSED_FUNCTION = YES;
				GCC_WARN_UNUSED_VARIABLE = YES;
				MACOSX_DEPLOYMENT_TARGET = 10.10;
				MTL_ENABLE_DEBUG_INFO = NO;
				SDKROOT = macosx;
			};
			name = Release;
		};
		CF678C311A84C74A0084360F /* Debug */ = {
			isa = XCBuildConfiguration;
			buildSettings = {
				ASSETCATALOG_COMPILER_APPICON_NAME = AppIcon;
				CLANG_ENABLE_MODULES = YES;
				CODE_SIGN_IDENTITY = "Mac Developer";
				"CODE_SIGN_IDENTITY[sdk=macosx*]" = "Mac Developer";
				COMBINE_HIDPI_IMAGES = YES;
				FRAMEWORK_SEARCH_PATHS = (
					"$(inherited)",
					"$(SYSTEM_LIBRARY_DIR)/PrivateFrameworks/PhotoLibraryPrivate.framework/Versions/A/Frameworks",
					"$(PROJECT_DIR)/cpm/Carthage/Build/Mac",
				);
				GCC_PREFIX_HEADER = "Chariz/Chariz-Prefix.pch";
				HEADER_SEARCH_PATHS = (
					"$(inherited)",
					/Applications/Xcode.app/Contents/Developer/Toolchains/XcodeDefault.xctoolchain/usr/include,
					"$(SRCROOT)/headers",
					"$(SRCROOT)/cpm/Pods/Headers/Public",
				);
				INFOPLIST_FILE = Chariz/Info.plist;
				INFOPLIST_OUTPUT_FORMAT = "same-as-input";
				INFOPLIST_PREPROCESS = NO;
				LD_RUNPATH_SEARCH_PATHS = "$(inherited) @executable_path/../Frameworks";
				OTHER_CFLAGS = (
					"$(inherited)",
					"-isystem",
					"\"${PODS_ROOT}/Headers/Public\"",
					"-isystem",
					"\"${PODS_ROOT}/Headers/Public/AFNetworking\"",
					"-DEBUG=1",
				);
				PLIST_FILE_OUTPUT_FORMAT = "same-as-input";
				PRODUCT_BUNDLE_IDENTIFIER = "io.chariz.$(PRODUCT_NAME:rfc1034identifier)";
				PRODUCT_NAME = "$(TARGET_NAME)";
				PROVISIONING_PROFILE = "";
				SWIFT_OBJC_BRIDGING_HEADER = BridgingHeader.h;
				SWIFT_OPTIMIZATION_LEVEL = "-Onone";
				SWIFT_VERSION = 3.0;
			};
			name = Debug;
		};
		CF678C321A84C74A0084360F /* Release */ = {
			isa = XCBuildConfiguration;
			buildSettings = {
				ASSETCATALOG_COMPILER_APPICON_NAME = AppIcon;
				CLANG_ENABLE_MODULES = YES;
				CODE_SIGN_IDENTITY = "Mac Developer";
				"CODE_SIGN_IDENTITY[sdk=macosx*]" = "Mac Developer";
				COMBINE_HIDPI_IMAGES = YES;
				FRAMEWORK_SEARCH_PATHS = (
					"$(inherited)",
					"$(SYSTEM_LIBRARY_DIR)/PrivateFrameworks/PhotoLibraryPrivate.framework/Versions/A/Frameworks",
					"$(PROJECT_DIR)/cpm/Carthage/Build/Mac",
				);
				GCC_PREFIX_HEADER = "Chariz/Chariz-Prefix.pch";
				HEADER_SEARCH_PATHS = (
					"$(inherited)",
					/Applications/Xcode.app/Contents/Developer/Toolchains/XcodeDefault.xctoolchain/usr/include,
					"$(SRCROOT)/headers",
					"$(SRCROOT)/cpm/Pods/Headers/Public",
				);
				INFOPLIST_FILE = Chariz/Info.plist;
				INFOPLIST_OUTPUT_FORMAT = "same-as-input";
				INFOPLIST_PREPROCESS = NO;
				LD_RUNPATH_SEARCH_PATHS = "$(inherited) @executable_path/../Frameworks";
				OTHER_CFLAGS = (
					"$(inherited)",
					"-isystem",
					"\"${PODS_ROOT}/Headers/Public\"",
					"-isystem",
					"\"${PODS_ROOT}/Headers/Public/AFNetworking\"",
					"-DEBUG=1",
				);
				PLIST_FILE_OUTPUT_FORMAT = "same-as-input";
				PRODUCT_BUNDLE_IDENTIFIER = "io.chariz.$(PRODUCT_NAME:rfc1034identifier)";
				PRODUCT_NAME = "$(TARGET_NAME)";
				PROVISIONING_PROFILE = "";
				SWIFT_OBJC_BRIDGING_HEADER = BridgingHeader.h;
				SWIFT_VERSION = 3.0;
			};
			name = Release;
		};
/* End XCBuildConfiguration section */

/* Begin XCConfigurationList section */
		CF678C0B1A84C7490084360F /* Build configuration list for PBXProject "Chariz" */ = {
			isa = XCConfigurationList;
			buildConfigurations = (
				CF678C2E1A84C74A0084360F /* Debug */,
				CF678C2F1A84C74A0084360F /* Release */,
			);
			defaultConfigurationIsVisible = 0;
			defaultConfigurationName = Release;
		};
		CF678C301A84C74A0084360F /* Build configuration list for PBXNativeTarget "Chariz" */ = {
			isa = XCConfigurationList;
			buildConfigurations = (
				CF678C311A84C74A0084360F /* Debug */,
				CF678C321A84C74A0084360F /* Release */,
			);
			defaultConfigurationIsVisible = 0;
			defaultConfigurationName = Release;
		};
/* End XCConfigurationList section */
	};
	rootObject = CF678C081A84C7490084360F /* Project object */;
}
