// !$*UTF8*$!
{
	archiveVersion = 1;
	classes = {
	};
	objectVersion = 46;
	objects = {

/* Begin PBXBuildFile section */
		4503DB281B3188A7007B3719 /* io.chariz.CharizHelper in Copy Files */ = {isa = PBXBuildFile; fileRef = 4503DB271B3188A0007B3719 /* io.chariz.CharizHelper */; settings = {ATTRIBUTES = (CodeSignOnCopy, ); }; };
		4503DB2F1B318935007B3719 /* CHRHelper.m in Sources */ = {isa = PBXBuildFile; fileRef = 4503DB2E1B318935007B3719 /* CHRHelper.m */; };
		450A96BF1B2D96F200D65471 /* CHRFirstLaunchViewController.m in Sources */ = {isa = PBXBuildFile; fileRef = 450A96BE1B2D96F200D65471 /* CHRFirstLaunchViewController.m */; };
		450A96C21B2DA23B00D65471 /* CHRFirstLaunchSource.m in Sources */ = {isa = PBXBuildFile; fileRef = 450A96C11B2DA23B00D65471 /* CHRFirstLaunchSource.m */; };
		450A96C51B2DAD3500D65471 /* first_launch.html in Resources */ = {isa = PBXBuildFile; fileRef = 450A96C41B2DAD3500D65471 /* first_launch.html */; };
		450A96C71B2E4DE100D65471 /* Security.framework in Frameworks */ = {isa = PBXBuildFile; fileRef = 450A96C61B2E4DE100D65471 /* Security.framework */; };
		450A96C91B2E4DE800D65471 /* ServiceManagement.framework in Frameworks */ = {isa = PBXBuildFile; fileRef = 450A96C81B2E4DE800D65471 /* ServiceManagement.framework */; };
		B9CDD1561B0ACAFC0093D7A4 /* libcpm.dylib in Frameworks */ = {isa = PBXBuildFile; fileRef = B9CDD1551B0ACAFC0093D7A4 /* libcpm.dylib */; };
		CF3E40D11A91E10A00C11DE3 /* Images.xcassets in Resources */ = {isa = PBXBuildFile; fileRef = CF3E40D01A91E10A00C11DE3 /* Images.xcassets */; };
		CF3E40D91A92151300C11DE3 /* ScriptingBridge.framework in Frameworks */ = {isa = PBXBuildFile; fileRef = CF3E40D81A92151300C11DE3 /* ScriptingBridge.framework */; };
		CF3E40DF1A92172700C11DE3 /* Mail.app in Sources */ = {isa = PBXBuildFile; fileRef = CF3E40DE1A92172700C11DE3 /* Mail.app */; };
		CF3E40E21A92235600C11DE3 /* CHREmailSendingController.m in Sources */ = {isa = PBXBuildFile; fileRef = CF3E40E11A92235600C11DE3 /* CHREmailSendingController.m */; };
		CF678C171A84C7490084360F /* CHRAppDelegate.m in Sources */ = {isa = PBXBuildFile; fileRef = CF678C161A84C7490084360F /* CHRAppDelegate.m */; };
		CF678C191A84C7490084360F /* main.m in Sources */ = {isa = PBXBuildFile; fileRef = CF678C181A84C7490084360F /* main.m */; };
		CF678C371A84C83B0084360F /* UXKit.framework in Frameworks */ = {isa = PBXBuildFile; fileRef = CF678C361A84C83B0084360F /* UXKit.framework */; };
		CF678C3B1A84D49F0084360F /* Cocoa.framework in Frameworks */ = {isa = PBXBuildFile; fileRef = CF678C3A1A84D49F0084360F /* Cocoa.framework */; };
		CF678C3D1A84D4A40084360F /* AppKit.framework in Frameworks */ = {isa = PBXBuildFile; fileRef = CF678C3C1A84D4A40084360F /* AppKit.framework */; };
		CF678C3F1A84D4A80084360F /* CoreGraphics.framework in Frameworks */ = {isa = PBXBuildFile; fileRef = CF678C3E1A84D4A80084360F /* CoreGraphics.framework */; };
		CF678C421A84E2C50084360F /* CHRRootViewController.m in Sources */ = {isa = PBXBuildFile; fileRef = CF678C411A84E2C50084360F /* CHRRootViewController.m */; };
		CF678C491A84E83F0084360F /* CHRWebViewController.m in Sources */ = {isa = PBXBuildFile; fileRef = CF678C481A84E83F0084360F /* CHRWebViewController.m */; };
		CF678C4C1A84E8670084360F /* WebKit.framework in Frameworks */ = {isa = PBXBuildFile; fileRef = CF678C4B1A84E8660084360F /* WebKit.framework */; };
		CF678C4F1A84E95F0084360F /* CHRHomeViewController.m in Sources */ = {isa = PBXBuildFile; fileRef = CF678C4E1A84E95F0084360F /* CHRHomeViewController.m */; };
		CF678C521A84F0650084360F /* MainMenu.xib in Resources */ = {isa = PBXBuildFile; fileRef = CF678C511A84F0650084360F /* MainMenu.xib */; };
		CF678C551A85AC270084360F /* CHRSourcesViewController.m in Sources */ = {isa = PBXBuildFile; fileRef = CF678C541A85AC270084360F /* CHRSourcesViewController.m */; };
		CF678C5A1A85B4370084360F /* CHRPackageListViewController.m in Sources */ = {isa = PBXBuildFile; fileRef = CF678C581A85B4370084360F /* CHRPackageListViewController.m */; };
		CF678C5F1A8661D30084360F /* CHRSourcesListViewController.m in Sources */ = {isa = PBXBuildFile; fileRef = CF678C5E1A8661D30084360F /* CHRSourcesListViewController.m */; };
		CF80DF4C1B13483D00725929 /* CHRRefreshStatusView.m in Sources */ = {isa = PBXBuildFile; fileRef = CF80DF4B1B13483D00725929 /* CHRRefreshStatusView.m */; };
		CF80DF511B135F6800725929 /* CHRSearchField.m in Sources */ = {isa = PBXBuildFile; fileRef = CF80DF501B135F6800725929 /* CHRSearchField.m */; };
		CF80DF551B13663200725929 /* CHRLoadingIndicatorView.m in Sources */ = {isa = PBXBuildFile; fileRef = CF80DF541B13663200725929 /* CHRLoadingIndicatorView.m */; };
		CFC8AE0D1A9750EB001D2C91 /* CHRInstalledViewController.m in Sources */ = {isa = PBXBuildFile; fileRef = CFC8AE0C1A9750EB001D2C91 /* CHRInstalledViewController.m */; };
		CFC8AE121A975117001D2C91 /* CHRChangesViewController.m in Sources */ = {isa = PBXBuildFile; fileRef = CFC8AE101A975117001D2C91 /* CHRChangesViewController.m */; };
		CFFE4F161A906D3E00051B92 /* CHRPreferences.m in Sources */ = {isa = PBXBuildFile; fileRef = CFFE4F151A906D3E00051B92 /* CHRPreferences.m */; };
		F849E64487BD828BAACC4C52 /* libPods.a in Frameworks */ = {isa = PBXBuildFile; fileRef = F9E063264AAB01B6E98D54B2 /* libPods.a */; };
/* End PBXBuildFile section */

/* Begin PBXBuildRule section */
		457C75A91B2F8C4C007C019F /* PBXBuildRule */ = {
			isa = PBXBuildRule;
			compilerSpec = com.apple.compilers.proxy.script;
			filePatterns = "*.app";
			fileType = pattern.proxy;
			isEditable = 1;
			outputFiles = (
				"$(DERIVED_FILES_DIR)/$(INPUT_FILE_BASE).h",
			);
			script = " sdef \"$INPUT_FILE_PATH\" | sdp -fh -o \"$DERIVED_FILES_DIR\" --basename \"$INPUT_FILE_BASE\" --bundleid `defaults read \"$INPUT_FILE_PATH/Contents/Info\" CFBundleIdentifier`";
		};
/* End PBXBuildRule section */

/* Begin PBXContainerItemProxy section */
		4503DB261B3188A0007B3719 /* PBXContainerItemProxy */ = {
			isa = PBXContainerItemProxy;
			containerPortal = 4503DB221B3188A0007B3719 /* CharizHelper.xcodeproj */;
			proxyType = 2;
			remoteGlobalIDString = 4BE4905D10445E0A006BE471;
			remoteInfo = io.chariz.CharizHelper;
		};
		4503DB291B3188A9007B3719 /* PBXContainerItemProxy */ = {
			isa = PBXContainerItemProxy;
			containerPortal = 4503DB221B3188A0007B3719 /* CharizHelper.xcodeproj */;
			proxyType = 1;
			remoteGlobalIDString = 4BE4905C10445E0A006BE471;
			remoteInfo = io.chariz.CharizHelper;
		};
/* End PBXContainerItemProxy section */

/* Begin PBXCopyFilesBuildPhase section */
		450CE7681B2F407C001EC8F6 /* Copy Files */ = {
			isa = PBXCopyFilesBuildPhase;
			buildActionMask = 2147483647;
			dstPath = Contents/Library/LaunchServices;
			dstSubfolderSpec = 1;
			files = (
				4503DB281B3188A7007B3719 /* io.chariz.CharizHelper in Copy Files */,
			);
			name = "Copy Files";
			runOnlyForDeploymentPostprocessing = 0;
		};
/* End PBXCopyFilesBuildPhase section */

/* Begin PBXFileReference section */
		4503DB221B3188A0007B3719 /* CharizHelper.xcodeproj */ = {isa = PBXFileReference; lastKnownFileType = "wrapper.pb-project"; name = CharizHelper.xcodeproj; path = Helper/CharizHelper.xcodeproj; sourceTree = "<group>"; };
		4503DB2D1B318935007B3719 /* CHRHelper.h */ = {isa = PBXFileReference; fileEncoding = 4; lastKnownFileType = sourcecode.c.h; path = CHRHelper.h; sourceTree = "<group>"; };
		4503DB2E1B318935007B3719 /* CHRHelper.m */ = {isa = PBXFileReference; fileEncoding = 4; lastKnownFileType = sourcecode.c.objc; path = CHRHelper.m; sourceTree = "<group>"; };
		450A96BD1B2D96F200D65471 /* CHRFirstLaunchViewController.h */ = {isa = PBXFileReference; fileEncoding = 4; lastKnownFileType = sourcecode.c.h; path = CHRFirstLaunchViewController.h; sourceTree = "<group>"; };
		450A96BE1B2D96F200D65471 /* CHRFirstLaunchViewController.m */ = {isa = PBXFileReference; fileEncoding = 4; lastKnownFileType = sourcecode.c.objc; path = CHRFirstLaunchViewController.m; sourceTree = "<group>"; };
		450A96C01B2DA23B00D65471 /* CHRFirstLaunchSource.h */ = {isa = PBXFileReference; fileEncoding = 4; lastKnownFileType = sourcecode.c.h; path = CHRFirstLaunchSource.h; sourceTree = "<group>"; };
		450A96C11B2DA23B00D65471 /* CHRFirstLaunchSource.m */ = {isa = PBXFileReference; fileEncoding = 4; lastKnownFileType = sourcecode.c.objc; path = CHRFirstLaunchSource.m; sourceTree = "<group>"; };
		450A96C41B2DAD3500D65471 /* first_launch.html */ = {isa = PBXFileReference; fileEncoding = 4; lastKnownFileType = text.html; path = first_launch.html; sourceTree = "<group>"; };
		450A96C61B2E4DE100D65471 /* Security.framework */ = {isa = PBXFileReference; lastKnownFileType = wrapper.framework; name = Security.framework; path = System/Library/Frameworks/Security.framework; sourceTree = SDKROOT; };
		450A96C81B2E4DE800D65471 /* ServiceManagement.framework */ = {isa = PBXFileReference; lastKnownFileType = wrapper.framework; name = ServiceManagement.framework; path = System/Library/Frameworks/ServiceManagement.framework; sourceTree = SDKROOT; };
		80B03565FDF1BD7C3C7AD82E /* Pods.debug.xcconfig */ = {isa = PBXFileReference; includeInIndex = 1; lastKnownFileType = text.xcconfig; name = Pods.debug.xcconfig; path = "Pods/Target Support Files/Pods/Pods.debug.xcconfig"; sourceTree = "<group>"; };
		B9CDD1551B0ACAFC0093D7A4 /* libcpm.dylib */ = {isa = PBXFileReference; lastKnownFileType = "compiled.mach-o.dylib"; name = libcpm.dylib; path = ../../../../usr/local/lib/libcpm.dylib; sourceTree = "<group>"; };
		C4A455C5F5A95B37B57ECE19 /* Pods.release.xcconfig */ = {isa = PBXFileReference; includeInIndex = 1; lastKnownFileType = text.xcconfig; name = Pods.release.xcconfig; path = "Pods/Target Support Files/Pods/Pods.release.xcconfig"; sourceTree = "<group>"; };
		CF3E40D01A91E10A00C11DE3 /* Images.xcassets */ = {isa = PBXFileReference; lastKnownFileType = folder.assetcatalog; path = Images.xcassets; sourceTree = "<group>"; };
		CF3E40D71A920EA900C11DE3 /* PrivateAPIs.h */ = {isa = PBXFileReference; lastKnownFileType = sourcecode.c.h; path = PrivateAPIs.h; sourceTree = "<group>"; };
		CF3E40D81A92151300C11DE3 /* ScriptingBridge.framework */ = {isa = PBXFileReference; lastKnownFileType = wrapper.framework; name = ScriptingBridge.framework; path = System/Library/Frameworks/ScriptingBridge.framework; sourceTree = SDKROOT; };
		CF3E40DE1A92172700C11DE3 /* Mail.app */ = {isa = PBXFileReference; lastKnownFileType = wrapper.application; name = Mail.app; path = /Applications/Mail.app; sourceTree = "<absolute>"; };
		CF3E40E01A92235600C11DE3 /* CHREmailSendingController.h */ = {isa = PBXFileReference; fileEncoding = 4; lastKnownFileType = sourcecode.c.h; path = CHREmailSendingController.h; sourceTree = "<group>"; };
		CF3E40E11A92235600C11DE3 /* CHREmailSendingController.m */ = {isa = PBXFileReference; fileEncoding = 4; lastKnownFileType = sourcecode.c.objc; path = CHREmailSendingController.m; sourceTree = "<group>"; };
		CF678C101A84C7490084360F /* Chariz.app */ = {isa = PBXFileReference; explicitFileType = wrapper.application; includeInIndex = 0; path = Chariz.app; sourceTree = BUILT_PRODUCTS_DIR; };
		CF678C141A84C7490084360F /* Info.plist */ = {isa = PBXFileReference; lastKnownFileType = text.plist.xml; path = Info.plist; sourceTree = "<group>"; };
		CF678C151A84C7490084360F /* CHRAppDelegate.h */ = {isa = PBXFileReference; lastKnownFileType = sourcecode.c.h; path = CHRAppDelegate.h; sourceTree = "<group>"; };
		CF678C161A84C7490084360F /* CHRAppDelegate.m */ = {isa = PBXFileReference; lastKnownFileType = sourcecode.c.objc; path = CHRAppDelegate.m; sourceTree = "<group>"; };
		CF678C181A84C7490084360F /* main.m */ = {isa = PBXFileReference; lastKnownFileType = sourcecode.c.objc; path = main.m; sourceTree = "<group>"; };
		CF678C361A84C83B0084360F /* UXKit.framework */ = {isa = PBXFileReference; lastKnownFileType = wrapper.framework; name = UXKit.framework; path = /System/Library/PrivateFrameworks/PhotoLibraryPrivate.framework/Versions/A/Frameworks/UXKit.framework; sourceTree = "<absolute>"; };
		CF678C3A1A84D49F0084360F /* Cocoa.framework */ = {isa = PBXFileReference; lastKnownFileType = wrapper.framework; name = Cocoa.framework; path = System/Library/Frameworks/Cocoa.framework; sourceTree = SDKROOT; };
		CF678C3C1A84D4A40084360F /* AppKit.framework */ = {isa = PBXFileReference; lastKnownFileType = wrapper.framework; name = AppKit.framework; path = System/Library/Frameworks/AppKit.framework; sourceTree = SDKROOT; };
		CF678C3E1A84D4A80084360F /* CoreGraphics.framework */ = {isa = PBXFileReference; lastKnownFileType = wrapper.framework; name = CoreGraphics.framework; path = System/Library/Frameworks/CoreGraphics.framework; sourceTree = SDKROOT; };
		CF678C401A84E2C50084360F /* CHRRootViewController.h */ = {isa = PBXFileReference; fileEncoding = 4; lastKnownFileType = sourcecode.c.h; path = CHRRootViewController.h; sourceTree = "<group>"; };
		CF678C411A84E2C50084360F /* CHRRootViewController.m */ = {isa = PBXFileReference; fileEncoding = 4; lastKnownFileType = sourcecode.c.objc; path = CHRRootViewController.m; sourceTree = "<group>"; };
		CF678C471A84E83F0084360F /* CHRWebViewController.h */ = {isa = PBXFileReference; fileEncoding = 4; lastKnownFileType = sourcecode.c.h; path = CHRWebViewController.h; sourceTree = "<group>"; };
		CF678C481A84E83F0084360F /* CHRWebViewController.m */ = {isa = PBXFileReference; fileEncoding = 4; lastKnownFileType = sourcecode.c.objc; path = CHRWebViewController.m; sourceTree = "<group>"; };
		CF678C4B1A84E8660084360F /* WebKit.framework */ = {isa = PBXFileReference; lastKnownFileType = wrapper.framework; name = WebKit.framework; path = System/Library/Frameworks/WebKit.framework; sourceTree = SDKROOT; };
		CF678C4D1A84E95F0084360F /* CHRHomeViewController.h */ = {isa = PBXFileReference; fileEncoding = 4; lastKnownFileType = sourcecode.c.h; path = CHRHomeViewController.h; sourceTree = "<group>"; };
		CF678C4E1A84E95F0084360F /* CHRHomeViewController.m */ = {isa = PBXFileReference; fileEncoding = 4; lastKnownFileType = sourcecode.c.objc; path = CHRHomeViewController.m; sourceTree = "<group>"; };
		CF678C511A84F0650084360F /* MainMenu.xib */ = {isa = PBXFileReference; fileEncoding = 4; lastKnownFileType = file.xib; path = MainMenu.xib; sourceTree = "<group>"; };
		CF678C531A85AC270084360F /* CHRSourcesViewController.h */ = {isa = PBXFileReference; fileEncoding = 4; lastKnownFileType = sourcecode.c.h; path = CHRSourcesViewController.h; sourceTree = "<group>"; };
		CF678C541A85AC270084360F /* CHRSourcesViewController.m */ = {isa = PBXFileReference; fileEncoding = 4; lastKnownFileType = sourcecode.c.objc; path = CHRSourcesViewController.m; sourceTree = "<group>"; };
		CF678C571A85B4370084360F /* CHRPackageListViewController.h */ = {isa = PBXFileReference; fileEncoding = 4; lastKnownFileType = sourcecode.c.h; path = CHRPackageListViewController.h; sourceTree = "<group>"; };
		CF678C581A85B4370084360F /* CHRPackageListViewController.m */ = {isa = PBXFileReference; fileEncoding = 4; lastKnownFileType = sourcecode.c.objc; path = CHRPackageListViewController.m; sourceTree = "<group>"; };
		CF678C5D1A8661D30084360F /* CHRSourcesListViewController.h */ = {isa = PBXFileReference; fileEncoding = 4; lastKnownFileType = sourcecode.c.h; path = CHRSourcesListViewController.h; sourceTree = "<group>"; };
		CF678C5E1A8661D30084360F /* CHRSourcesListViewController.m */ = {isa = PBXFileReference; fileEncoding = 4; lastKnownFileType = sourcecode.c.objc; path = CHRSourcesListViewController.m; sourceTree = "<group>"; };
		CF79F6141B0228C500887121 /* libcpm.dylib */ = {isa = PBXFileReference; lastKnownFileType = "compiled.mach-o.dylib"; name = libcpm.dylib; path = cpm/build/Debug/libcpm.dylib; sourceTree = "<group>"; };
		CF80DF4A1B13483D00725929 /* CHRRefreshStatusView.h */ = {isa = PBXFileReference; fileEncoding = 4; lastKnownFileType = sourcecode.c.h; path = CHRRefreshStatusView.h; sourceTree = "<group>"; };
		CF80DF4B1B13483D00725929 /* CHRRefreshStatusView.m */ = {isa = PBXFileReference; fileEncoding = 4; lastKnownFileType = sourcecode.c.objc; path = CHRRefreshStatusView.m; sourceTree = "<group>"; };
		CF80DF4F1B135F6800725929 /* CHRSearchField.h */ = {isa = PBXFileReference; fileEncoding = 4; lastKnownFileType = sourcecode.c.h; path = CHRSearchField.h; sourceTree = "<group>"; };
		CF80DF501B135F6800725929 /* CHRSearchField.m */ = {isa = PBXFileReference; fileEncoding = 4; lastKnownFileType = sourcecode.c.objc; path = CHRSearchField.m; sourceTree = "<group>"; };
		CF80DF531B13663200725929 /* CHRLoadingIndicatorView.h */ = {isa = PBXFileReference; fileEncoding = 4; lastKnownFileType = sourcecode.c.h; path = CHRLoadingIndicatorView.h; sourceTree = "<group>"; };
		CF80DF541B13663200725929 /* CHRLoadingIndicatorView.m */ = {isa = PBXFileReference; fileEncoding = 4; lastKnownFileType = sourcecode.c.objc; path = CHRLoadingIndicatorView.m; sourceTree = "<group>"; };
		CFA074E31A8F94560094C486 /* Chariz-Prefix.pch */ = {isa = PBXFileReference; lastKnownFileType = sourcecode.c.h; path = "Chariz-Prefix.pch"; sourceTree = "<group>"; };
		CFC8AE0B1A9750EB001D2C91 /* CHRInstalledViewController.h */ = {isa = PBXFileReference; fileEncoding = 4; lastKnownFileType = sourcecode.c.h; path = CHRInstalledViewController.h; sourceTree = "<group>"; };
		CFC8AE0C1A9750EB001D2C91 /* CHRInstalledViewController.m */ = {isa = PBXFileReference; fileEncoding = 4; lastKnownFileType = sourcecode.c.objc; path = CHRInstalledViewController.m; sourceTree = "<group>"; };
		CFC8AE0F1A975117001D2C91 /* CHRChangesViewController.h */ = {isa = PBXFileReference; fileEncoding = 4; lastKnownFileType = sourcecode.c.h; path = CHRChangesViewController.h; sourceTree = "<group>"; };
		CFC8AE101A975117001D2C91 /* CHRChangesViewController.m */ = {isa = PBXFileReference; fileEncoding = 4; lastKnownFileType = sourcecode.c.objc; path = CHRChangesViewController.m; sourceTree = "<group>"; };
		CFFE4F141A906D3E00051B92 /* CHRPreferences.h */ = {isa = PBXFileReference; fileEncoding = 4; lastKnownFileType = sourcecode.c.h; name = CHRPreferences.h; path = Chariz/CHRPreferences.h; sourceTree = "<group>"; };
		CFFE4F151A906D3E00051B92 /* CHRPreferences.m */ = {isa = PBXFileReference; fileEncoding = 4; lastKnownFileType = sourcecode.c.objc; name = CHRPreferences.m; path = Chariz/CHRPreferences.m; sourceTree = "<group>"; };
		F9E063264AAB01B6E98D54B2 /* libPods.a */ = {isa = PBXFileReference; explicitFileType = archive.ar; includeInIndex = 0; path = libPods.a; sourceTree = BUILT_PRODUCTS_DIR; };
/* End PBXFileReference section */

/* Begin PBXFrameworksBuildPhase section */
		CF678C0D1A84C7490084360F /* Frameworks */ = {
			isa = PBXFrameworksBuildPhase;
			buildActionMask = 2147483647;
			files = (
				450A96C91B2E4DE800D65471 /* ServiceManagement.framework in Frameworks */,
				450A96C71B2E4DE100D65471 /* Security.framework in Frameworks */,
				B9CDD1561B0ACAFC0093D7A4 /* libcpm.dylib in Frameworks */,
				CF678C3D1A84D4A40084360F /* AppKit.framework in Frameworks */,
				CF678C3B1A84D49F0084360F /* Cocoa.framework in Frameworks */,
				CF678C3F1A84D4A80084360F /* CoreGraphics.framework in Frameworks */,
				CF3E40D91A92151300C11DE3 /* ScriptingBridge.framework in Frameworks */,
				CF678C371A84C83B0084360F /* UXKit.framework in Frameworks */,
				CF678C4C1A84E8670084360F /* WebKit.framework in Frameworks */,
				F849E64487BD828BAACC4C52 /* libPods.a in Frameworks */,
			);
			runOnlyForDeploymentPostprocessing = 0;
		};
/* End PBXFrameworksBuildPhase section */

/* Begin PBXGroup section */
		4503DB231B3188A0007B3719 /* Products */ = {
			isa = PBXGroup;
			children = (
				4503DB271B3188A0007B3719 /* io.chariz.CharizHelper */,
			);
			name = Products;
			sourceTree = "<group>";
		};
		450A96B41B2D90DE00D65471 /* First Launch */ = {
			isa = PBXGroup;
			children = (
				450A96C31B2DAD2200D65471 /* HTML */,
				450A96C01B2DA23B00D65471 /* CHRFirstLaunchSource.h */,
				450A96C11B2DA23B00D65471 /* CHRFirstLaunchSource.m */,
				450A96BD1B2D96F200D65471 /* CHRFirstLaunchViewController.h */,
				450A96BE1B2D96F200D65471 /* CHRFirstLaunchViewController.m */,
			);
			name = "First Launch";
			sourceTree = "<group>";
		};
		450A96C31B2DAD2200D65471 /* HTML */ = {
			isa = PBXGroup;
			children = (
				450A96C41B2DAD3500D65471 /* first_launch.html */,
			);
			name = HTML;
			sourceTree = "<group>";
		};
		450CE7561B2F34D0001EC8F6 /* Helper Classes */ = {
			isa = PBXGroup;
			children = (
				4503DB2D1B318935007B3719 /* CHRHelper.h */,
				4503DB2E1B318935007B3719 /* CHRHelper.m */,
			);
			name = "Helper Classes";
			sourceTree = "<group>";
		};
		712386427D5634C982569D89 /* Pods */ = {
			isa = PBXGroup;
			children = (
				80B03565FDF1BD7C3C7AD82E /* Pods.debug.xcconfig */,
				C4A455C5F5A95B37B57ECE19 /* Pods.release.xcconfig */,
			);
			name = Pods;
			sourceTree = "<group>";
		};
		CF3E40E31A92235A00C11DE3 /* Email Sending */ = {
			isa = PBXGroup;
			children = (
				CF3E40E01A92235600C11DE3 /* CHREmailSendingController.h */,
				CF3E40E11A92235600C11DE3 /* CHREmailSendingController.m */,
			);
			name = "Email Sending";
			sourceTree = "<group>";
		};
		CF678C071A84C7490084360F = {
			isa = PBXGroup;
			children = (
				4503DB221B3188A0007B3719 /* CharizHelper.xcodeproj */,
				CF678C121A84C7490084360F /* Chariz */,
				CF678C381A84C8450084360F /* Frameworks */,
				CF678C111A84C7490084360F /* Products */,
				712386427D5634C982569D89 /* Pods */,
			);
			sourceTree = "<group>";
		};
		CF678C111A84C7490084360F /* Products */ = {
			isa = PBXGroup;
			children = (
				CF678C101A84C7490084360F /* Chariz.app */,
			);
			name = Products;
			sourceTree = "<group>";
		};
		CF678C121A84C7490084360F /* Chariz */ = {
			isa = PBXGroup;
			children = (
				450CE7561B2F34D0001EC8F6 /* Helper Classes */,
				CF678C441A84E2D20084360F /* Delegates */,
				CFFE4F181A906D4A00051B92 /* Model */,
				CF678C461A84E81F0084360F /* View Controllers */,
				CF80DF4E1B1349F200725929 /* Interface */,
				CF3E40D01A91E10A00C11DE3 /* Images.xcassets */,
				CF678C131A84C7490084360F /* Supporting Files */,
			);
			path = Chariz;
			sourceTree = "<group>";
		};
		CF678C131A84C7490084360F /* Supporting Files */ = {
			isa = PBXGroup;
			children = (
				CFA074E31A8F94560094C486 /* Chariz-Prefix.pch */,
				CF3E40D71A920EA900C11DE3 /* PrivateAPIs.h */,
				CF678C141A84C7490084360F /* Info.plist */,
				CF678C181A84C7490084360F /* main.m */,
				CF678C511A84F0650084360F /* MainMenu.xib */,
			);
			name = "Supporting Files";
			sourceTree = "<group>";
		};
		CF678C381A84C8450084360F /* Frameworks */ = {
			isa = PBXGroup;
			children = (
				450A96C81B2E4DE800D65471 /* ServiceManagement.framework */,
				450A96C61B2E4DE100D65471 /* Security.framework */,
				CF79F6141B0228C500887121 /* libcpm.dylib */,
				CF678C3C1A84D4A40084360F /* AppKit.framework */,
				CF678C3A1A84D49F0084360F /* Cocoa.framework */,
				CF678C3E1A84D4A80084360F /* CoreGraphics.framework */,
				CF3E40DE1A92172700C11DE3 /* Mail.app */,
				CF3E40D81A92151300C11DE3 /* ScriptingBridge.framework */,
				CF678C361A84C83B0084360F /* UXKit.framework */,
				CF678C4B1A84E8660084360F /* WebKit.framework */,
				F9E063264AAB01B6E98D54B2 /* libPods.a */,
			);
			name = Frameworks;
			sourceTree = "<group>";
		};
		CF678C431A84E2CC0084360F /* App Delegate */ = {
			isa = PBXGroup;
			children = (
				CF678C151A84C7490084360F /* CHRAppDelegate.h */,
				CF678C161A84C7490084360F /* CHRAppDelegate.m */,
			);
			name = "App Delegate";
			sourceTree = "<group>";
		};
		CF678C441A84E2D20084360F /* Delegates */ = {
			isa = PBXGroup;
			children = (
				CF678C431A84E2CC0084360F /* App Delegate */,
			);
			name = Delegates;
			sourceTree = "<group>";
		};
		CF678C451A84E2E50084360F /* Root */ = {
			isa = PBXGroup;
			children = (
				CF678C401A84E2C50084360F /* CHRRootViewController.h */,
				CF678C411A84E2C50084360F /* CHRRootViewController.m */,
			);
			name = Root;
			sourceTree = "<group>";
		};
		CF678C461A84E81F0084360F /* View Controllers */ = {
			isa = PBXGroup;
			children = (
				450A96B41B2D90DE00D65471 /* First Launch */,
				CF678C451A84E2E50084360F /* Root */,
				CF678C4A1A84E8490084360F /* Web View */,
				CF678C5C1A85B43B0084360F /* Package List */,
				CF678C561A85AC2B0084360F /* Sources */,
			);
			name = "View Controllers";
			sourceTree = "<group>";
		};
		CF678C4A1A84E8490084360F /* Web View */ = {
			isa = PBXGroup;
			children = (
				CF678C471A84E83F0084360F /* CHRWebViewController.h */,
				CF678C481A84E83F0084360F /* CHRWebViewController.m */,
				CF678C501A84E9640084360F /* Home */,
			);
			name = "Web View";
			sourceTree = "<group>";
		};
		CF678C501A84E9640084360F /* Home */ = {
			isa = PBXGroup;
			children = (
				CF678C4D1A84E95F0084360F /* CHRHomeViewController.h */,
				CF678C4E1A84E95F0084360F /* CHRHomeViewController.m */,
			);
			name = Home;
			sourceTree = "<group>";
		};
		CF678C561A85AC2B0084360F /* Sources */ = {
			isa = PBXGroup;
			children = (
				CF678C531A85AC270084360F /* CHRSourcesViewController.h */,
				CF678C541A85AC270084360F /* CHRSourcesViewController.m */,
				CF678C601A8661D70084360F /* Sources List */,
			);
			name = Sources;
			sourceTree = "<group>";
		};
		CF678C5C1A85B43B0084360F /* Package List */ = {
			isa = PBXGroup;
			children = (
				CF678C571A85B4370084360F /* CHRPackageListViewController.h */,
				CF678C581A85B4370084360F /* CHRPackageListViewController.m */,
				CFC8AE141A975123001D2C91 /* Changes */,
				CFC8AE0E1A9750EE001D2C91 /* Installed */,
			);
			name = "Package List";
			sourceTree = "<group>";
		};
		CF678C601A8661D70084360F /* Sources List */ = {
			isa = PBXGroup;
			children = (
				CF678C5D1A8661D30084360F /* CHRSourcesListViewController.h */,
				CF678C5E1A8661D30084360F /* CHRSourcesListViewController.m */,
			);
			name = "Sources List";
			sourceTree = "<group>";
		};
		CF80DF4D1B1349EE00725929 /* Refresh Status */ = {
			isa = PBXGroup;
			children = (
				CF80DF4A1B13483D00725929 /* CHRRefreshStatusView.h */,
				CF80DF4B1B13483D00725929 /* CHRRefreshStatusView.m */,
			);
			name = "Refresh Status";
			sourceTree = "<group>";
		};
		CF80DF4E1B1349F200725929 /* Interface */ = {
			isa = PBXGroup;
			children = (
				CF80DF561B13663800725929 /* Loading Indicator */,
				CF80DF4D1B1349EE00725929 /* Refresh Status */,
				CF80DF521B135F6A00725929 /* Search Field */,
			);
			name = Interface;
			sourceTree = "<group>";
		};
		CF80DF521B135F6A00725929 /* Search Field */ = {
			isa = PBXGroup;
			children = (
				CF80DF4F1B135F6800725929 /* CHRSearchField.h */,
				CF80DF501B135F6800725929 /* CHRSearchField.m */,
			);
			name = "Search Field";
			sourceTree = "<group>";
		};
		CF80DF561B13663800725929 /* Loading Indicator */ = {
			isa = PBXGroup;
			children = (
				CF80DF531B13663200725929 /* CHRLoadingIndicatorView.h */,
				CF80DF541B13663200725929 /* CHRLoadingIndicatorView.m */,
			);
			name = "Loading Indicator";
			sourceTree = "<group>";
		};
		CFC8AE0E1A9750EE001D2C91 /* Installed */ = {
			isa = PBXGroup;
			children = (
				CFC8AE0B1A9750EB001D2C91 /* CHRInstalledViewController.h */,
				CFC8AE0C1A9750EB001D2C91 /* CHRInstalledViewController.m */,
			);
			name = Installed;
			sourceTree = "<group>";
		};
		CFC8AE141A975123001D2C91 /* Changes */ = {
			isa = PBXGroup;
			children = (
				CFC8AE0F1A975117001D2C91 /* CHRChangesViewController.h */,
				CFC8AE101A975117001D2C91 /* CHRChangesViewController.m */,
			);
			name = Changes;
			sourceTree = "<group>";
		};
		CFFE4F171A906D4100051B92 /* Preferences */ = {
			isa = PBXGroup;
			children = (
				CFFE4F141A906D3E00051B92 /* CHRPreferences.h */,
				CFFE4F151A906D3E00051B92 /* CHRPreferences.m */,
			);
			name = Preferences;
			path = ..;
			sourceTree = "<group>";
		};
		CFFE4F181A906D4A00051B92 /* Model */ = {
			isa = PBXGroup;
			children = (
				CF3E40E31A92235A00C11DE3 /* Email Sending */,
				CFFE4F171A906D4100051B92 /* Preferences */,
			);
			name = Model;
			sourceTree = "<group>";
		};
/* End PBXGroup section */

/* Begin PBXNativeTarget section */
		CF678C0F1A84C7490084360F /* Chariz */ = {
			isa = PBXNativeTarget;
			buildConfigurationList = CF678C301A84C74A0084360F /* Build configuration list for PBXNativeTarget "Chariz" */;
			buildPhases = (
				412DD21AB229E5112953B066 /* Check Pods Manifest.lock */,
				CF678C0C1A84C7490084360F /* Sources */,
				CF678C0D1A84C7490084360F /* Frameworks */,
				CF678C0E1A84C7490084360F /* Resources */,
				45DF49D81B2F79B70077DFA9 /* Set Build Number */,
				555A965E1B0767FD3BE96982 /* Copy Pods Resources */,
				450CE7681B2F407C001EC8F6 /* Copy Files */,
			);
			buildRules = (
				457C75A91B2F8C4C007C019F /* PBXBuildRule */,
			);
			dependencies = (
				4503DB2A1B3188A9007B3719 /* PBXTargetDependency */,
			);
			name = Chariz;
			productName = Chariz;
			productReference = CF678C101A84C7490084360F /* Chariz.app */;
			productType = "com.apple.product-type.application";
		};
/* End PBXNativeTarget section */

/* Begin PBXProject section */
		CF678C081A84C7490084360F /* Project object */ = {
			isa = PBXProject;
			attributes = {
				CLASSPREFIX = CHR;
				LastUpgradeCheck = 0610;
				ORGANIZATIONNAME = "HASHBANG Productions";
				TargetAttributes = {
					CF678C0F1A84C7490084360F = {
						CreatedOnToolsVersion = 6.1.1;
					};
				};
			};
			buildConfigurationList = CF678C0B1A84C7490084360F /* Build configuration list for PBXProject "Chariz" */;
			compatibilityVersion = "Xcode 3.2";
			developmentRegion = English;
			hasScannedForEncodings = 0;
			knownRegions = (
				en,
				Base,
			);
			mainGroup = CF678C071A84C7490084360F;
			productRefGroup = CF678C111A84C7490084360F /* Products */;
			projectDirPath = "";
			projectReferences = (
				{
					ProductGroup = 4503DB231B3188A0007B3719 /* Products */;
					ProjectRef = 4503DB221B3188A0007B3719 /* CharizHelper.xcodeproj */;
				},
			);
			projectRoot = "";
			targets = (
				CF678C0F1A84C7490084360F /* Chariz */,
			);
		};
/* End PBXProject section */

/* Begin PBXReferenceProxy section */
		4503DB271B3188A0007B3719 /* io.chariz.CharizHelper */ = {
			isa = PBXReferenceProxy;
			fileType = "compiled.mach-o.executable";
			path = io.chariz.CharizHelper;
			remoteRef = 4503DB261B3188A0007B3719 /* PBXContainerItemProxy */;
			sourceTree = BUILT_PRODUCTS_DIR;
		};
/* End PBXReferenceProxy section */

/* Begin PBXResourcesBuildPhase section */
		CF678C0E1A84C7490084360F /* Resources */ = {
			isa = PBXResourcesBuildPhase;
			buildActionMask = 2147483647;
			files = (
				CF678C521A84F0650084360F /* MainMenu.xib in Resources */,
				CF3E40D11A91E10A00C11DE3 /* Images.xcassets in Resources */,
				450A96C51B2DAD3500D65471 /* first_launch.html in Resources */,
			);
			runOnlyForDeploymentPostprocessing = 0;
		};
/* End PBXResourcesBuildPhase section */

/* Begin PBXShellScriptBuildPhase section */
		412DD21AB229E5112953B066 /* Check Pods Manifest.lock */ = {
			isa = PBXShellScriptBuildPhase;
			buildActionMask = 2147483647;
			files = (
			);
			inputPaths = (
			);
			name = "Check Pods Manifest.lock";
			outputPaths = (
			);
			runOnlyForDeploymentPostprocessing = 0;
			shellPath = /bin/sh;
			shellScript = "diff \"${PODS_ROOT}/../Podfile.lock\" \"${PODS_ROOT}/Manifest.lock\" > /dev/null\nif [[ $? != 0 ]] ; then\n    cat << EOM\nerror: The sandbox is not in sync with the Podfile.lock. Run 'pod install' or update your CocoaPods installation.\nEOM\n    exit 1\nfi\n";
			showEnvVarsInLog = 0;
		};
		45DF49D81B2F79B70077DFA9 /* Set Build Number */ = {
			isa = PBXShellScriptBuildPhase;
			buildActionMask = 2147483647;
			files = (
			);
			inputPaths = (
			);
			name = "Set Build Number";
			outputPaths = (
			);
			runOnlyForDeploymentPostprocessing = 0;
			shellPath = /bin/sh;
			shellScript = "defaults write \"$BUILT_PRODUCTS_DIR/$INFOPLIST_PATH\" CFBundleVersion \"$(git describe --always)\"";
		};
		555A965E1B0767FD3BE96982 /* Copy Pods Resources */ = {
			isa = PBXShellScriptBuildPhase;
			buildActionMask = 2147483647;
			files = (
			);
			inputPaths = (
			);
			name = "Copy Pods Resources";
			outputPaths = (
			);
			runOnlyForDeploymentPostprocessing = 0;
			shellPath = /bin/sh;
			shellScript = "\"${SRCROOT}/Pods/Target Support Files/Pods/Pods-resources.sh\"\n";
			showEnvVarsInLog = 0;
		};
/* End PBXShellScriptBuildPhase section */

/* Begin PBXSourcesBuildPhase section */
		CF678C0C1A84C7490084360F /* Sources */ = {
			isa = PBXSourcesBuildPhase;
			buildActionMask = 2147483647;
			files = (
				CF3E40DF1A92172700C11DE3 /* Mail.app in Sources */,
				CFC8AE0D1A9750EB001D2C91 /* CHRInstalledViewController.m in Sources */,
				CF80DF4C1B13483D00725929 /* CHRRefreshStatusView.m in Sources */,
				CF678C4F1A84E95F0084360F /* CHRHomeViewController.m in Sources */,
				CF678C191A84C7490084360F /* main.m in Sources */,
				CF678C551A85AC270084360F /* CHRSourcesViewController.m in Sources */,
				CF678C421A84E2C50084360F /* CHRRootViewController.m in Sources */,
				450A96BF1B2D96F200D65471 /* CHRFirstLaunchViewController.m in Sources */,
				4503DB2F1B318935007B3719 /* CHRHelper.m in Sources */,
				450A96C21B2DA23B00D65471 /* CHRFirstLaunchSource.m in Sources */,
				CF80DF551B13663200725929 /* CHRLoadingIndicatorView.m in Sources */,
				CF678C5F1A8661D30084360F /* CHRSourcesListViewController.m in Sources */,
				CF678C491A84E83F0084360F /* CHRWebViewController.m in Sources */,
				CFFE4F161A906D3E00051B92 /* CHRPreferences.m in Sources */,
				CF678C171A84C7490084360F /* CHRAppDelegate.m in Sources */,
				CF80DF511B135F6800725929 /* CHRSearchField.m in Sources */,
				CF3E40E21A92235600C11DE3 /* CHREmailSendingController.m in Sources */,
				CF678C5A1A85B4370084360F /* CHRPackageListViewController.m in Sources */,
				CFC8AE121A975117001D2C91 /* CHRChangesViewController.m in Sources */,
			);
			runOnlyForDeploymentPostprocessing = 0;
		};
/* End PBXSourcesBuildPhase section */

/* Begin PBXTargetDependency section */
		4503DB2A1B3188A9007B3719 /* PBXTargetDependency */ = {
			isa = PBXTargetDependency;
			name = io.chariz.CharizHelper;
			targetProxy = 4503DB291B3188A9007B3719 /* PBXContainerItemProxy */;
		};
/* End PBXTargetDependency section */

/* Begin XCBuildConfiguration section */
		CF678C2E1A84C74A0084360F /* Debug */ = {
			isa = XCBuildConfiguration;
			buildSettings = {
				ALWAYS_SEARCH_USER_PATHS = NO;
				CLANG_CXX_LANGUAGE_STANDARD = "gnu++0x";
				CLANG_CXX_LIBRARY = "libc++";
				CLANG_ENABLE_MODULES = YES;
				CLANG_ENABLE_OBJC_ARC = YES;
				CLANG_WARN_BOOL_CONVERSION = YES;
				CLANG_WARN_CONSTANT_CONVERSION = YES;
				CLANG_WARN_DIRECT_OBJC_ISA_USAGE = YES_ERROR;
				CLANG_WARN_EMPTY_BODY = YES;
				CLANG_WARN_ENUM_CONVERSION = YES;
				CLANG_WARN_INT_CONVERSION = YES;
				CLANG_WARN_OBJC_ROOT_CLASS = YES_ERROR;
				CLANG_WARN_UNREACHABLE_CODE = YES;
				CLANG_WARN__DUPLICATE_METHOD_MATCH = YES;
				CODE_SIGN_IDENTITY = "Developer ID Application: The trustee for the Brighton South Property Trust (N2LN9ZT493)";
				COPY_PHASE_STRIP = NO;
				ENABLE_STRICT_OBJC_MSGSEND = YES;
				GCC_C_LANGUAGE_STANDARD = gnu99;
				GCC_DYNAMIC_NO_PIC = NO;
				GCC_OPTIMIZATION_LEVEL = 0;
				GCC_PREPROCESSOR_DEFINITIONS = (
					"DEBUG=1",
					"$(inherited)",
				);
				GCC_SYMBOLS_PRIVATE_EXTERN = NO;
				GCC_WARN_64_TO_32_BIT_CONVERSION = YES;
				GCC_WARN_ABOUT_RETURN_TYPE = YES_ERROR;
				GCC_WARN_UNDECLARED_SELECTOR = YES;
				GCC_WARN_UNINITIALIZED_AUTOS = YES_AGGRESSIVE;
				GCC_WARN_UNUSED_FUNCTION = YES;
				GCC_WARN_UNUSED_VARIABLE = YES;
				MACOSX_DEPLOYMENT_TARGET = 10.10;
				MTL_ENABLE_DEBUG_INFO = YES;
				ONLY_ACTIVE_ARCH = YES;
				SDKROOT = macosx;
			};
			name = Debug;
		};
		CF678C2F1A84C74A0084360F /* Release */ = {
			isa = XCBuildConfiguration;
			buildSettings = {
				ALWAYS_SEARCH_USER_PATHS = NO;
				CLANG_CXX_LANGUAGE_STANDARD = "gnu++0x";
				CLANG_CXX_LIBRARY = "libc++";
				CLANG_ENABLE_MODULES = YES;
				CLANG_ENABLE_OBJC_ARC = YES;
				CLANG_WARN_BOOL_CONVERSION = YES;
				CLANG_WARN_CONSTANT_CONVERSION = YES;
				CLANG_WARN_DIRECT_OBJC_ISA_USAGE = YES_ERROR;
				CLANG_WARN_EMPTY_BODY = YES;
				CLANG_WARN_ENUM_CONVERSION = YES;
				CLANG_WARN_INT_CONVERSION = YES;
				CLANG_WARN_OBJC_ROOT_CLASS = YES_ERROR;
				CLANG_WARN_UNREACHABLE_CODE = YES;
				CLANG_WARN__DUPLICATE_METHOD_MATCH = YES;
				CODE_SIGN_IDENTITY = "Developer ID Application: The trustee for the Brighton South Property Trust (N2LN9ZT493)";
				COPY_PHASE_STRIP = YES;
				DEBUG_INFORMATION_FORMAT = "dwarf-with-dsym";
				ENABLE_NS_ASSERTIONS = NO;
				ENABLE_STRICT_OBJC_MSGSEND = YES;
				GCC_C_LANGUAGE_STANDARD = gnu99;
				GCC_WARN_64_TO_32_BIT_CONVERSION = YES;
				GCC_WARN_ABOUT_RETURN_TYPE = YES_ERROR;
				GCC_WARN_UNDECLARED_SELECTOR = YES;
				GCC_WARN_UNINITIALIZED_AUTOS = YES_AGGRESSIVE;
				GCC_WARN_UNUSED_FUNCTION = YES;
				GCC_WARN_UNUSED_VARIABLE = YES;
				MACOSX_DEPLOYMENT_TARGET = 10.10;
				MTL_ENABLE_DEBUG_INFO = NO;
				SDKROOT = macosx;
			};
			name = Release;
		};
		CF678C311A84C74A0084360F /* Debug */ = {
			isa = XCBuildConfiguration;
			baseConfigurationReference = 80B03565FDF1BD7C3C7AD82E /* Pods.debug.xcconfig */;
			buildSettings = {
				ASSETCATALOG_COMPILER_APPICON_NAME = AppIcon;
				CODE_SIGN_IDENTITY = "Developer ID Application: The trustee for the Brighton South Property Trust (N2LN9ZT493)";
				COMBINE_HIDPI_IMAGES = YES;
				FRAMEWORK_SEARCH_PATHS = (
					"$(inherited)",
					"$(SYSTEM_LIBRARY_DIR)/PrivateFrameworks/PhotoLibraryPrivate.framework/Versions/A/Frameworks",
				);
				GCC_PREFIX_HEADER = "Chariz/Chariz-Prefix.pch";
				HEADER_SEARCH_PATHS = (
					"$(inherited)",
					/Applications/Xcode.app/Contents/Developer/Toolchains/XcodeDefault.xctoolchain/usr/include,
					headers,
					cpm/cpm/src,
				);
				INFOPLIST_FILE = Chariz/Info.plist;
				INFOPLIST_OUTPUT_FORMAT = "same-as-input";
				INFOPLIST_PREPROCESS = NO;
				LD_RUNPATH_SEARCH_PATHS = "$(inherited) @executable_path/../Frameworks";
				OTHER_CFLAGS = (
					"$(inherited)",
					"-isystem",
					"\"${PODS_ROOT}/Headers/Public\"",
					"-isystem",
					"\"${PODS_ROOT}/Headers/Public/AFNetworking\"",
					"-DEBUG=1",
				);
				PLIST_FILE_OUTPUT_FORMAT = "same-as-input";
				PRODUCT_NAME = "$(TARGET_NAME)";
			};
			name = Debug;
		};
		CF678C321A84C74A0084360F /* Release */ = {
			isa = XCBuildConfiguration;
			baseConfigurationReference = C4A455C5F5A95B37B57ECE19 /* Pods.release.xcconfig */;
			buildSettings = {
				ASSETCATALOG_COMPILER_APPICON_NAME = AppIcon;
				CODE_SIGN_IDENTITY = "Developer ID Application: The trustee for the Brighton South Property Trust (N2LN9ZT493)";
				COMBINE_HIDPI_IMAGES = YES;
				FRAMEWORK_SEARCH_PATHS = (
					"$(inherited)",
					"$(SYSTEM_LIBRARY_DIR)/PrivateFrameworks/PhotoLibraryPrivate.framework/Versions/A/Frameworks",
				);
				GCC_PREFIX_HEADER = "Chariz/Chariz-Prefix.pch";
				HEADER_SEARCH_PATHS = (
					"$(inherited)",
					/Applications/Xcode.app/Contents/Developer/Toolchains/XcodeDefault.xctoolchain/usr/include,
					headers,
					cpm/cpm/src,
				);
				INFOPLIST_FILE = Chariz/Info.plist;
				INFOPLIST_OUTPUT_FORMAT = "same-as-input";
				INFOPLIST_PREPROCESS = NO;
				LD_RUNPATH_SEARCH_PATHS = "$(inherited) @executable_path/../Frameworks";
				OTHER_CFLAGS = (
					"$(inherited)",
					"-isystem",
					"\"${PODS_ROOT}/Headers/Public\"",
					"-isystem",
					"\"${PODS_ROOT}/Headers/Public/AFNetworking\"",
					"-DEBUG=1",
				);
				PLIST_FILE_OUTPUT_FORMAT = "same-as-input";
				PRODUCT_NAME = "$(TARGET_NAME)";
			};
			name = Release;
		};
/* End XCBuildConfiguration section */

/* Begin XCConfigurationList section */
		CF678C0B1A84C7490084360F /* Build configuration list for PBXProject "Chariz" */ = {
			isa = XCConfigurationList;
			buildConfigurations = (
				CF678C2E1A84C74A0084360F /* Debug */,
				CF678C2F1A84C74A0084360F /* Release */,
			);
			defaultConfigurationIsVisible = 0;
			defaultConfigurationName = Release;
		};
		CF678C301A84C74A0084360F /* Build configuration list for PBXNativeTarget "Chariz" */ = {
			isa = XCConfigurationList;
			buildConfigurations = (
				CF678C311A84C74A0084360F /* Debug */,
				CF678C321A84C74A0084360F /* Release */,
			);
			defaultConfigurationIsVisible = 0;
			defaultConfigurationName = Release;
		};
/* End XCConfigurationList section */
	};
	rootObject = CF678C081A84C7490084360F /* Project object */;
}
